// !$*UTF8*$!
{
	archiveVersion = 1;
	classes = {
	};
	objectVersion = 46;
	objects = {

/* Begin PBXBuildFile section */
		4201D5CE221FE6480069080D /* UIImage+CornerRadius.m in Sources */ = {isa = PBXBuildFile; fileRef = 4201D5CD221FE6480069080D /* UIImage+CornerRadius.m */; };
		4201D5D2221FE9080069080D /* ImageSummaryVC.m in Sources */ = {isa = PBXBuildFile; fileRef = 4201D5D0221FE9080069080D /* ImageSummaryVC.m */; };
		4201D5D3221FE9080069080D /* ImageSummaryVC.xib in Resources */ = {isa = PBXBuildFile; fileRef = 4201D5D1221FE9080069080D /* ImageSummaryVC.xib */; };
		4210994121ED8F580097102C /* AutoLayoutVC.m in Sources */ = {isa = PBXBuildFile; fileRef = 4210993F21ED8F580097102C /* AutoLayoutVC.m */; };
		4210994221ED8F580097102C /* AutoLayoutVC.xib in Resources */ = {isa = PBXBuildFile; fileRef = 4210994021ED8F580097102C /* AutoLayoutVC.xib */; };
		4210994521EDB9CA0097102C /* ArrayDataSource.m in Sources */ = {isa = PBXBuildFile; fileRef = 4210994421EDB9C90097102C /* ArrayDataSource.m */; };
		4210994A21EDBB0E0097102C /* TestCell.m in Sources */ = {isa = PBXBuildFile; fileRef = 4210994721EDBB0D0097102C /* TestCell.m */; };
		4210994B21EDBB0E0097102C /* TestModel.m in Sources */ = {isa = PBXBuildFile; fileRef = 4210994821EDBB0E0097102C /* TestModel.m */; };
		42936D99219283AA0076F47A /* LayerBaseVC.xib in Resources */ = {isa = PBXBuildFile; fileRef = 42936D98219283AA0076F47A /* LayerBaseVC.xib */; };
		42936D9E219288640076F47A /* DrawSummaryVC.m in Sources */ = {isa = PBXBuildFile; fileRef = 42936D9C219288640076F47A /* DrawSummaryVC.m */; };
		42936D9F219288640076F47A /* DrawSummaryVC.xib in Resources */ = {isa = PBXBuildFile; fileRef = 42936D9D219288640076F47A /* DrawSummaryVC.xib */; };
		42936DE921928A420076F47A /* LNHeaderAnimator+Analysis.m in Sources */ = {isa = PBXBuildFile; fileRef = 42936DA321928A410076F47A /* LNHeaderAnimator+Analysis.m */; };
		42936DEA21928A420076F47A /* LNHeaderFeizhuAnimator.m in Sources */ = {isa = PBXBuildFile; fileRef = 42936DA621928A410076F47A /* LNHeaderFeizhuAnimator.m */; };
		42936DEB21928A420076F47A /* feizhu_pull_refresh.gif in Resources */ = {isa = PBXBuildFile; fileRef = 42936DA721928A410076F47A /* feizhu_pull_refresh.gif */; };
		42936DEC21928A420076F47A /* LNHeaderTaobaoAnimator.m in Sources */ = {isa = PBXBuildFile; fileRef = 42936DAA21928A410076F47A /* LNHeaderTaobaoAnimator.m */; };
		42936DED21928A420076F47A /* LNHeaderNetEaseNewsAnimator.m in Sources */ = {isa = PBXBuildFile; fileRef = 42936DAE21928A410076F47A /* LNHeaderNetEaseNewsAnimator.m */; };
		42936DEE21928A420076F47A /* YLoadingPanel.m in Sources */ = {isa = PBXBuildFile; fileRef = 42936DB221928A410076F47A /* YLoadingPanel.m */; };
		42936DEF21928A420076F47A /* LNHeaderDIYAnimator.m in Sources */ = {isa = PBXBuildFile; fileRef = 42936DB321928A410076F47A /* LNHeaderDIYAnimator.m */; };
		42936DF021928A420076F47A /* LNHeaderJDAnimator.m in Sources */ = {isa = PBXBuildFile; fileRef = 42936DB621928A410076F47A /* LNHeaderJDAnimator.m */; };
		42936DF121928A420076F47A /* LNHeaderKaolaAnimator.m in Sources */ = {isa = PBXBuildFile; fileRef = 42936DB921928A410076F47A /* LNHeaderKaolaAnimator.m */; };
		42936DF221928A420076F47A /* LNHeaderTmallAnimator.m in Sources */ = {isa = PBXBuildFile; fileRef = 42936DBB21928A410076F47A /* LNHeaderTmallAnimator.m */; };
		42936DF321928A420076F47A /* frontpage_refresh_release@2x.gif in Resources */ = {isa = PBXBuildFile; fileRef = 42936DBD21928A410076F47A /* frontpage_refresh_release@2x.gif */; };
		42936DF421928A420076F47A /* frontpage_refresh_release@3x.gif in Resources */ = {isa = PBXBuildFile; fileRef = 42936DBE21928A410076F47A /* frontpage_refresh_release@3x.gif */; };
		42936DF521928A420076F47A /* frontpage_refresh@3x.gif in Resources */ = {isa = PBXBuildFile; fileRef = 42936DBF21928A410076F47A /* frontpage_refresh@3x.gif */; };
		42936DF621928A420076F47A /* frontpage_refresh@2x.gif in Resources */ = {isa = PBXBuildFile; fileRef = 42936DC021928A410076F47A /* frontpage_refresh@2x.gif */; };
		42936DF721928A420076F47A /* UIImage+animatedGIF.m in Sources */ = {isa = PBXBuildFile; fileRef = 42936DC321928A410076F47A /* UIImage+animatedGIF.m */; };
		42936DF821928A420076F47A /* LNHeaderMeituanAnimator.m in Sources */ = {isa = PBXBuildFile; fileRef = 42936DC521928A410076F47A /* LNHeaderMeituanAnimator.m */; };
		42936DF921928A420076F47A /* LNHeaderELEAnimator.m in Sources */ = {isa = PBXBuildFile; fileRef = 42936DC921928A410076F47A /* LNHeaderELEAnimator.m */; };
		42936DFA21928A420076F47A /* LNHeaderToutiaoAnimator.m in Sources */ = {isa = PBXBuildFile; fileRef = 42936DCC21928A410076F47A /* LNHeaderToutiaoAnimator.m */; };
		42936DFB21928A420076F47A /* LNRefreshHeader.m in Sources */ = {isa = PBXBuildFile; fileRef = 42936DD021928A410076F47A /* LNRefreshHeader.m */; };
		42936DFC21928A420076F47A /* LNRefreshAnimator.m in Sources */ = {isa = PBXBuildFile; fileRef = 42936DD121928A410076F47A /* LNRefreshAnimator.m */; };
		42936DFD21928A420076F47A /* LNRefreshFooter.m in Sources */ = {isa = PBXBuildFile; fileRef = 42936DD221928A410076F47A /* LNRefreshFooter.m */; };
		42936DFE21928A420076F47A /* LNRefreshConst.m in Sources */ = {isa = PBXBuildFile; fileRef = 42936DD321928A410076F47A /* LNRefreshConst.m */; };
		42936DFF21928A420076F47A /* LNRefreshComponent.m in Sources */ = {isa = PBXBuildFile; fileRef = 42936DD521928A410076F47A /* LNRefreshComponent.m */; };
		42936E0021928A420076F47A /* LNRefreshHandler.m in Sources */ = {isa = PBXBuildFile; fileRef = 42936DD621928A410076F47A /* LNRefreshHandler.m */; };
		42936E0121928A420076F47A /* LNFooterAnimator.m in Sources */ = {isa = PBXBuildFile; fileRef = 42936DD721928A410076F47A /* LNFooterAnimator.m */; };
		42936E0221928A420076F47A /* NSObject+LNRefresh.m in Sources */ = {isa = PBXBuildFile; fileRef = 42936DD821928A410076F47A /* NSObject+LNRefresh.m */; };
		42936E0321928A420076F47A /* LNHeaderAnimator.m in Sources */ = {isa = PBXBuildFile; fileRef = 42936DDE21928A410076F47A /* LNHeaderAnimator.m */; };
		42936E0521928A420076F47A /* DemoVC.m in Sources */ = {isa = PBXBuildFile; fileRef = 42936DE521928A410076F47A /* DemoVC.m */; };
		42936E0621928A420076F47A /* RefreshAnimateVC.m in Sources */ = {isa = PBXBuildFile; fileRef = 42936DE621928A410076F47A /* RefreshAnimateVC.m */; };
		42936E0921928B150076F47A /* refresh_arrow.png in Resources */ = {isa = PBXBuildFile; fileRef = 42936E0721928B150076F47A /* refresh_arrow.png */; };
		42936E0A21928B150076F47A /* lnrefresh.json in Resources */ = {isa = PBXBuildFile; fileRef = 42936E0821928B150076F47A /* lnrefresh.json */; };
		42936E142192DA9D0076F47A /* TitleButton.m in Sources */ = {isa = PBXBuildFile; fileRef = 42936E122192DA9D0076F47A /* TitleButton.m */; };
		42936E172192DAB70076F47A /* BaseAnimateVC.m in Sources */ = {isa = PBXBuildFile; fileRef = 42936E162192DAB70076F47A /* BaseAnimateVC.m */; };
		42936E242192E0F60076F47A /* Assets.xcassets in Resources */ = {isa = PBXBuildFile; fileRef = 42936E1B2192E0F60076F47A /* Assets.xcassets */; };
		42936E252192E0F60076F47A /* LaunchScreen.storyboard in Resources */ = {isa = PBXBuildFile; fileRef = 42936E1C2192E0F60076F47A /* LaunchScreen.storyboard */; };
		42936E262192E0F60076F47A /* Main.storyboard in Resources */ = {isa = PBXBuildFile; fileRef = 42936E1E2192E0F60076F47A /* Main.storyboard */; };
		42936E272192E0F60076F47A /* main.m in Sources */ = {isa = PBXBuildFile; fileRef = 42936E202192E0F60076F47A /* main.m */; };
		42936E282192E0F60076F47A /* AppDelegate.m in Sources */ = {isa = PBXBuildFile; fileRef = 42936E212192E0F60076F47A /* AppDelegate.m */; };
		42936E2F2192E88B0076F47A /* BaseAnimationController.m in Sources */ = {isa = PBXBuildFile; fileRef = 42936E2E2192E88B0076F47A /* BaseAnimationController.m */; };
		42936E322192EAAF0076F47A /* KeyFrameAnimationController.m in Sources */ = {isa = PBXBuildFile; fileRef = 42936E312192EAAF0076F47A /* KeyFrameAnimationController.m */; };
		42936E352192EABE0076F47A /* GroupAnimationController.m in Sources */ = {isa = PBXBuildFile; fileRef = 42936E332192EABD0076F47A /* GroupAnimationController.m */; };
		42936E382192EAC60076F47A /* TransitionAnimationController.m in Sources */ = {isa = PBXBuildFile; fileRef = 42936E362192EAC50076F47A /* TransitionAnimationController.m */; };
		42936E3B2192EAE30076F47A /* ComprehensiveCaseController.m in Sources */ = {isa = PBXBuildFile; fileRef = 42936E3A2192EAE30076F47A /* ComprehensiveCaseController.m */; };
		42936E4B2192EB210076F47A /* DWBubbleMenuButton.m in Sources */ = {isa = PBXBuildFile; fileRef = 42936E3D2192EB200076F47A /* DWBubbleMenuButton.m */; };
		42936E4C2192EB210076F47A /* DCPathButton.m in Sources */ = {isa = PBXBuildFile; fileRef = 42936E412192EB200076F47A /* DCPathButton.m */; };
		42936E4D2192EB210076F47A /* DCPathItemButton.m in Sources */ = {isa = PBXBuildFile; fileRef = 42936E432192EB200076F47A /* DCPathItemButton.m */; };
		42936E4E2192EB210076F47A /* DCPathCenterButton.m in Sources */ = {isa = PBXBuildFile; fileRef = 42936E452192EB200076F47A /* DCPathCenterButton.m */; };
		42936E4F2192EB210076F47A /* MCFireworksButton.m in Sources */ = {isa = PBXBuildFile; fileRef = 42936E472192EB210076F47A /* MCFireworksButton.m */; };
		42936E502192EB210076F47A /* MCFireworksView.m in Sources */ = {isa = PBXBuildFile; fileRef = 42936E482192EB210076F47A /* MCFireworksView.m */; };
		42936E552192EEA00076F47A /* selected.caf in Resources */ = {isa = PBXBuildFile; fileRef = 42936E522192EEA00076F47A /* selected.caf */; };
		42936E562192EEA00076F47A /* fold.caf in Resources */ = {isa = PBXBuildFile; fileRef = 42936E532192EEA00076F47A /* fold.caf */; };
		42936E572192EEA00076F47A /* bloom.caf in Resources */ = {isa = PBXBuildFile; fileRef = 42936E542192EEA00076F47A /* bloom.caf */; };
		42B93BF42191874A00CBB02D /* UIViewAnimationVC.m in Sources */ = {isa = PBXBuildFile; fileRef = 42B93BF22191874A00CBB02D /* UIViewAnimationVC.m */; };
		42B93BF52191874A00CBB02D /* UIViewAnimationVC.xib in Resources */ = {isa = PBXBuildFile; fileRef = 42B93BF32191874A00CBB02D /* UIViewAnimationVC.xib */; };
		42B93BFA2191877800CBB02D /* CALayerAnimationVC.m in Sources */ = {isa = PBXBuildFile; fileRef = 42B93BF82191877800CBB02D /* CALayerAnimationVC.m */; };
		42B93BFB2191877900CBB02D /* CALayerAnimationVC.xib in Resources */ = {isa = PBXBuildFile; fileRef = 42B93BF92191877800CBB02D /* CALayerAnimationVC.xib */; };
		42B93C0021918EF000CBB02D /* ThirdPartAnimationVC.m in Sources */ = {isa = PBXBuildFile; fileRef = 42B93BFE21918EF000CBB02D /* ThirdPartAnimationVC.m */; };
		42B93C0121918EF000CBB02D /* ThirdPartAnimationVC.xib in Resources */ = {isa = PBXBuildFile; fileRef = 42B93BFF21918EF000CBB02D /* ThirdPartAnimationVC.xib */; };
		42C52C27218841A5001D7A07 /* DemoView.m in Sources */ = {isa = PBXBuildFile; fileRef = 42C52C26218841A5001D7A07 /* DemoView.m */; };
		42C52C2A218841BC001D7A07 /* DemoLayer.m in Sources */ = {isa = PBXBuildFile; fileRef = 42C52C29218841BC001D7A07 /* DemoLayer.m */; };
		42D63503219128FE0063E763 /* LayerAndAnimateVC.m in Sources */ = {isa = PBXBuildFile; fileRef = 42D63502219128FE0063E763 /* LayerAndAnimateVC.m */; };
		42D6350521912BF30063E763 /* LayerAndAnimateVC.xib in Resources */ = {isa = PBXBuildFile; fileRef = 42D6350421912BF30063E763 /* LayerAndAnimateVC.xib */; };
		42D6350E21912ED00063E763 /* CALayerControlsViewController.m in Sources */ = {isa = PBXBuildFile; fileRef = 42D6350821912ECF0063E763 /* CALayerControlsViewController.m */; };
		42D6350F21912ED00063E763 /* CALayerViewController.m in Sources */ = {isa = PBXBuildFile; fileRef = 42D6350A21912ED00063E763 /* CALayerViewController.m */; };
		42D6351021912ED00063E763 /* ClassListViewController.m in Sources */ = {isa = PBXBuildFile; fileRef = 42D6350D21912ED00063E763 /* ClassListViewController.m */; };
		42D6351221912EEF0063E763 /* ClassListViewController.storyboard in Resources */ = {isa = PBXBuildFile; fileRef = 42D6351121912EEF0063E763 /* ClassListViewController.storyboard */; };
		42D63520219170890063E763 /* CAScrollLayerVC.m in Sources */ = {isa = PBXBuildFile; fileRef = 42D6351F219170890063E763 /* CAScrollLayerVC.m */; };
		42D63523219170A00063E763 /* CATextLayerVC.m in Sources */ = {isa = PBXBuildFile; fileRef = 42D63522219170A00063E763 /* CATextLayerVC.m */; };
		42D63526219170B70063E763 /* AVPlayerLayerVC.m in Sources */ = {isa = PBXBuildFile; fileRef = 42D63525219170B70063E763 /* AVPlayerLayerVC.m */; };
		42D63529219170CC0063E763 /* CAGradientLayerVC.m in Sources */ = {isa = PBXBuildFile; fileRef = 42D63528219170CC0063E763 /* CAGradientLayerVC.m */; };
		42D6352C219170E60063E763 /* CAReplicatorLayerVC.m in Sources */ = {isa = PBXBuildFile; fileRef = 42D6352B219170E60063E763 /* CAReplicatorLayerVC.m */; };
		42D6352F219170F70063E763 /* CATiledLayerVC.m in Sources */ = {isa = PBXBuildFile; fileRef = 42D6352E219170F70063E763 /* CATiledLayerVC.m */; };
		42D635322191710F0063E763 /* CAShapeLayerVC.m in Sources */ = {isa = PBXBuildFile; fileRef = 42D635312191710F0063E763 /* CAShapeLayerVC.m */; };
		42D63535219171200063E763 /* CAEAGLLayerVC.m in Sources */ = {isa = PBXBuildFile; fileRef = 42D63534219171200063E763 /* CAEAGLLayerVC.m */; };
		42D63538219171350063E763 /* CATransformLayerVC.m in Sources */ = {isa = PBXBuildFile; fileRef = 42D63537219171350063E763 /* CATransformLayerVC.m */; };
		42D6353B219171450063E763 /* CAEmitterLayerVC.m in Sources */ = {isa = PBXBuildFile; fileRef = 42D6353A219171450063E763 /* CAEmitterLayerVC.m */; };
		42D6353E219175880063E763 /* PDLayerLabel.m in Sources */ = {isa = PBXBuildFile; fileRef = 42D6353D219175880063E763 /* PDLayerLabel.m */; };
		42D63541219175CB0063E763 /* PDScrollView.m in Sources */ = {isa = PBXBuildFile; fileRef = 42D6353F219175CB0063E763 /* PDScrollView.m */; };
		42D63544219176630063E763 /* ReflectionView.m in Sources */ = {isa = PBXBuildFile; fileRef = 42D63543219176630063E763 /* ReflectionView.m */; };
		42D63547219177160063E763 /* PDView.m in Sources */ = {isa = PBXBuildFile; fileRef = 42D63545219177160063E763 /* PDView.m */; };
		42D6354E21917AC10063E763 /* AnimateSummaryVC.m in Sources */ = {isa = PBXBuildFile; fileRef = 42D6354C21917AC10063E763 /* AnimateSummaryVC.m */; };
		42D6354F21917AC10063E763 /* AnimateSummaryVC.xib in Resources */ = {isa = PBXBuildFile; fileRef = 42D6354D21917AC10063E763 /* AnimateSummaryVC.xib */; };
		42F771FB2193B9E400FFD237 /* BAActivityIndicatorView.m in Sources */ = {isa = PBXBuildFile; fileRef = 42F771F62193B9E400FFD237 /* BAActivityIndicatorView.m */; };
		42F771FC2193B9E400FFD237 /* BALoadingWaveView.m in Sources */ = {isa = PBXBuildFile; fileRef = 42F771F72193B9E400FFD237 /* BALoadingWaveView.m */; };
		42F771FD2193B9E400FFD237 /* BALoadingView.m in Sources */ = {isa = PBXBuildFile; fileRef = 42F771F92193B9E400FFD237 /* BALoadingView.m */; };
		42F772012193BA5F00FFD237 /* UIView+BAAnimation.m in Sources */ = {isa = PBXBuildFile; fileRef = 42F772002193BA5F00FFD237 /* UIView+BAAnimation.m */; };
		42F772052193BA6600FFD237 /* UIView+BATransition.m in Sources */ = {isa = PBXBuildFile; fileRef = 42F772032193BA6600FFD237 /* UIView+BATransition.m */; };
		42F772092193BA9E00FFD237 /* BATransitionDemo.m in Sources */ = {isa = PBXBuildFile; fileRef = 42F772072193BA9E00FFD237 /* BATransitionDemo.m */; };
		42F7720A2193BA9E00FFD237 /* BATransitionDemo.xib in Resources */ = {isa = PBXBuildFile; fileRef = 42F772082193BA9E00FFD237 /* BATransitionDemo.xib */; };
		42F7720E2193BE3D00FFD237 /* BACAKeyframeAnimationDemo.m in Sources */ = {isa = PBXBuildFile; fileRef = 42F7720C2193BE3D00FFD237 /* BACAKeyframeAnimationDemo.m */; };
		42F7720F2193BE3D00FFD237 /* BACAKeyframeAnimationDemo.xib in Resources */ = {isa = PBXBuildFile; fileRef = 42F7720D2193BE3D00FFD237 /* BACAKeyframeAnimationDemo.xib */; };
		56524138B517A91662499CF2 /* libPods-WHLatticeDemo.a in Frameworks */ = {isa = PBXBuildFile; fileRef = DB6F2A82BE7518D63196A9DB /* libPods-WHLatticeDemo.a */; };
		68881A2A1EF0FC1200229107 /* LayerBaseVC.m in Sources */ = {isa = PBXBuildFile; fileRef = 68881A291EF0FC1200229107 /* LayerBaseVC.m */; };
/* End PBXBuildFile section */

/* Begin PBXFileReference section */
		4201D5CC221FE6480069080D /* UIImage+CornerRadius.h */ = {isa = PBXFileReference; lastKnownFileType = sourcecode.c.h; path = "UIImage+CornerRadius.h"; sourceTree = "<group>"; };
		4201D5CD221FE6480069080D /* UIImage+CornerRadius.m */ = {isa = PBXFileReference; lastKnownFileType = sourcecode.c.objc; path = "UIImage+CornerRadius.m"; sourceTree = "<group>"; };
		4201D5CF221FE9080069080D /* ImageSummaryVC.h */ = {isa = PBXFileReference; lastKnownFileType = sourcecode.c.h; path = ImageSummaryVC.h; sourceTree = "<group>"; };
		4201D5D0221FE9080069080D /* ImageSummaryVC.m */ = {isa = PBXFileReference; lastKnownFileType = sourcecode.c.objc; path = ImageSummaryVC.m; sourceTree = "<group>"; };
		4201D5D1221FE9080069080D /* ImageSummaryVC.xib */ = {isa = PBXFileReference; lastKnownFileType = file.xib; path = ImageSummaryVC.xib; sourceTree = "<group>"; };
		4210993E21ED8F580097102C /* AutoLayoutVC.h */ = {isa = PBXFileReference; lastKnownFileType = sourcecode.c.h; path = AutoLayoutVC.h; sourceTree = "<group>"; };
		4210993F21ED8F580097102C /* AutoLayoutVC.m */ = {isa = PBXFileReference; lastKnownFileType = sourcecode.c.objc; path = AutoLayoutVC.m; sourceTree = "<group>"; };
		4210994021ED8F580097102C /* AutoLayoutVC.xib */ = {isa = PBXFileReference; lastKnownFileType = file.xib; path = AutoLayoutVC.xib; sourceTree = "<group>"; };
		4210994321EDB9C90097102C /* ArrayDataSource.h */ = {isa = PBXFileReference; fileEncoding = 4; lastKnownFileType = sourcecode.c.h; path = ArrayDataSource.h; sourceTree = "<group>"; };
		4210994421EDB9C90097102C /* ArrayDataSource.m */ = {isa = PBXFileReference; fileEncoding = 4; lastKnownFileType = sourcecode.c.objc; path = ArrayDataSource.m; sourceTree = "<group>"; };
		4210994621EDBB0D0097102C /* TestModel.h */ = {isa = PBXFileReference; fileEncoding = 4; lastKnownFileType = sourcecode.c.h; path = TestModel.h; sourceTree = "<group>"; };
		4210994721EDBB0D0097102C /* TestCell.m */ = {isa = PBXFileReference; fileEncoding = 4; lastKnownFileType = sourcecode.c.objc; path = TestCell.m; sourceTree = "<group>"; };
		4210994821EDBB0E0097102C /* TestModel.m */ = {isa = PBXFileReference; fileEncoding = 4; lastKnownFileType = sourcecode.c.objc; path = TestModel.m; sourceTree = "<group>"; };
		4210994921EDBB0E0097102C /* TestCell.h */ = {isa = PBXFileReference; fileEncoding = 4; lastKnownFileType = sourcecode.c.h; path = TestCell.h; sourceTree = "<group>"; };
		42936D98219283AA0076F47A /* LayerBaseVC.xib */ = {isa = PBXFileReference; lastKnownFileType = file.xib; path = LayerBaseVC.xib; sourceTree = "<group>"; };
		42936D9B219288640076F47A /* DrawSummaryVC.h */ = {isa = PBXFileReference; lastKnownFileType = sourcecode.c.h; path = DrawSummaryVC.h; sourceTree = "<group>"; };
		42936D9C219288640076F47A /* DrawSummaryVC.m */ = {isa = PBXFileReference; lastKnownFileType = sourcecode.c.objc; path = DrawSummaryVC.m; sourceTree = "<group>"; };
		42936D9D219288640076F47A /* DrawSummaryVC.xib */ = {isa = PBXFileReference; lastKnownFileType = file.xib; path = DrawSummaryVC.xib; sourceTree = "<group>"; };
		42936DA221928A410076F47A /* LNHeaderAnimator+Analysis.h */ = {isa = PBXFileReference; fileEncoding = 4; lastKnownFileType = sourcecode.c.h; path = "LNHeaderAnimator+Analysis.h"; sourceTree = "<group>"; };
		42936DA321928A410076F47A /* LNHeaderAnimator+Analysis.m */ = {isa = PBXFileReference; fileEncoding = 4; lastKnownFileType = sourcecode.c.objc; path = "LNHeaderAnimator+Analysis.m"; sourceTree = "<group>"; };
		42936DA621928A410076F47A /* LNHeaderFeizhuAnimator.m */ = {isa = PBXFileReference; fileEncoding = 4; lastKnownFileType = sourcecode.c.objc; path = LNHeaderFeizhuAnimator.m; sourceTree = "<group>"; };
		42936DA721928A410076F47A /* feizhu_pull_refresh.gif */ = {isa = PBXFileReference; lastKnownFileType = image.gif; path = feizhu_pull_refresh.gif; sourceTree = "<group>"; };
		42936DA821928A410076F47A /* LNHeaderFeizhuAnimator.h */ = {isa = PBXFileReference; fileEncoding = 4; lastKnownFileType = sourcecode.c.h; path = LNHeaderFeizhuAnimator.h; sourceTree = "<group>"; };
		42936DAA21928A410076F47A /* LNHeaderTaobaoAnimator.m */ = {isa = PBXFileReference; fileEncoding = 4; lastKnownFileType = sourcecode.c.objc; path = LNHeaderTaobaoAnimator.m; sourceTree = "<group>"; };
		42936DAB21928A410076F47A /* LNHeaderTaobaoAnimator.h */ = {isa = PBXFileReference; fileEncoding = 4; lastKnownFileType = sourcecode.c.h; path = LNHeaderTaobaoAnimator.h; sourceTree = "<group>"; };
		42936DAD21928A410076F47A /* LNHeaderNetEaseNewsAnimator.h */ = {isa = PBXFileReference; fileEncoding = 4; lastKnownFileType = sourcecode.c.h; path = LNHeaderNetEaseNewsAnimator.h; sourceTree = "<group>"; };
		42936DAE21928A410076F47A /* LNHeaderNetEaseNewsAnimator.m */ = {isa = PBXFileReference; fileEncoding = 4; lastKnownFileType = sourcecode.c.objc; path = LNHeaderNetEaseNewsAnimator.m; sourceTree = "<group>"; };
		42936DB021928A410076F47A /* YLoadingPanel.h */ = {isa = PBXFileReference; fileEncoding = 4; lastKnownFileType = sourcecode.c.h; path = YLoadingPanel.h; sourceTree = "<group>"; };
		42936DB121928A410076F47A /* LNHeaderDIYAnimator.h */ = {isa = PBXFileReference; fileEncoding = 4; lastKnownFileType = sourcecode.c.h; path = LNHeaderDIYAnimator.h; sourceTree = "<group>"; };
		42936DB221928A410076F47A /* YLoadingPanel.m */ = {isa = PBXFileReference; fileEncoding = 4; lastKnownFileType = sourcecode.c.objc; path = YLoadingPanel.m; sourceTree = "<group>"; };
		42936DB321928A410076F47A /* LNHeaderDIYAnimator.m */ = {isa = PBXFileReference; fileEncoding = 4; lastKnownFileType = sourcecode.c.objc; path = LNHeaderDIYAnimator.m; sourceTree = "<group>"; };
		42936DB521928A410076F47A /* LNHeaderJDAnimator.h */ = {isa = PBXFileReference; fileEncoding = 4; lastKnownFileType = sourcecode.c.h; path = LNHeaderJDAnimator.h; sourceTree = "<group>"; };
		42936DB621928A410076F47A /* LNHeaderJDAnimator.m */ = {isa = PBXFileReference; fileEncoding = 4; lastKnownFileType = sourcecode.c.objc; path = LNHeaderJDAnimator.m; sourceTree = "<group>"; };
		42936DB821928A410076F47A /* LNHeaderKaolaAnimator.h */ = {isa = PBXFileReference; fileEncoding = 4; lastKnownFileType = sourcecode.c.h; path = LNHeaderKaolaAnimator.h; sourceTree = "<group>"; };
		42936DB921928A410076F47A /* LNHeaderKaolaAnimator.m */ = {isa = PBXFileReference; fileEncoding = 4; lastKnownFileType = sourcecode.c.objc; path = LNHeaderKaolaAnimator.m; sourceTree = "<group>"; };
		42936DBB21928A410076F47A /* LNHeaderTmallAnimator.m */ = {isa = PBXFileReference; fileEncoding = 4; lastKnownFileType = sourcecode.c.objc; path = LNHeaderTmallAnimator.m; sourceTree = "<group>"; };
		42936DBD21928A410076F47A /* frontpage_refresh_release@2x.gif */ = {isa = PBXFileReference; lastKnownFileType = image.gif; path = "frontpage_refresh_release@2x.gif"; sourceTree = "<group>"; };
		42936DBE21928A410076F47A /* frontpage_refresh_release@3x.gif */ = {isa = PBXFileReference; lastKnownFileType = image.gif; path = "frontpage_refresh_release@3x.gif"; sourceTree = "<group>"; };
		42936DBF21928A410076F47A /* frontpage_refresh@3x.gif */ = {isa = PBXFileReference; lastKnownFileType = image.gif; path = "frontpage_refresh@3x.gif"; sourceTree = "<group>"; };
		42936DC021928A410076F47A /* frontpage_refresh@2x.gif */ = {isa = PBXFileReference; lastKnownFileType = image.gif; path = "frontpage_refresh@2x.gif"; sourceTree = "<group>"; };
		42936DC121928A410076F47A /* UIImage+animatedGIF.h */ = {isa = PBXFileReference; fileEncoding = 4; lastKnownFileType = sourcecode.c.h; path = "UIImage+animatedGIF.h"; sourceTree = "<group>"; };
		42936DC221928A410076F47A /* LNHeaderTmallAnimator.h */ = {isa = PBXFileReference; fileEncoding = 4; lastKnownFileType = sourcecode.c.h; path = LNHeaderTmallAnimator.h; sourceTree = "<group>"; };
		42936DC321928A410076F47A /* UIImage+animatedGIF.m */ = {isa = PBXFileReference; fileEncoding = 4; lastKnownFileType = sourcecode.c.objc; path = "UIImage+animatedGIF.m"; sourceTree = "<group>"; };
		42936DC521928A410076F47A /* LNHeaderMeituanAnimator.m */ = {isa = PBXFileReference; fileEncoding = 4; lastKnownFileType = sourcecode.c.objc; path = LNHeaderMeituanAnimator.m; sourceTree = "<group>"; };
		42936DC621928A410076F47A /* LNHeaderMeituanAnimator.h */ = {isa = PBXFileReference; fileEncoding = 4; lastKnownFileType = sourcecode.c.h; path = LNHeaderMeituanAnimator.h; sourceTree = "<group>"; };
		42936DC821928A410076F47A /* LNHeaderELEAnimator.h */ = {isa = PBXFileReference; fileEncoding = 4; lastKnownFileType = sourcecode.c.h; path = LNHeaderELEAnimator.h; sourceTree = "<group>"; };
		42936DC921928A410076F47A /* LNHeaderELEAnimator.m */ = {isa = PBXFileReference; fileEncoding = 4; lastKnownFileType = sourcecode.c.objc; path = LNHeaderELEAnimator.m; sourceTree = "<group>"; };
		42936DCB21928A410076F47A /* LNHeaderToutiaoAnimator.h */ = {isa = PBXFileReference; fileEncoding = 4; lastKnownFileType = sourcecode.c.h; path = LNHeaderToutiaoAnimator.h; sourceTree = "<group>"; };
		42936DCC21928A410076F47A /* LNHeaderToutiaoAnimator.m */ = {isa = PBXFileReference; fileEncoding = 4; lastKnownFileType = sourcecode.c.objc; path = LNHeaderToutiaoAnimator.m; sourceTree = "<group>"; };
		42936DCF21928A410076F47A /* NSObject+LNRefresh.h */ = {isa = PBXFileReference; fileEncoding = 4; lastKnownFileType = sourcecode.c.h; path = "NSObject+LNRefresh.h"; sourceTree = "<group>"; };
		42936DD021928A410076F47A /* LNRefreshHeader.m */ = {isa = PBXFileReference; fileEncoding = 4; lastKnownFileType = sourcecode.c.objc; path = LNRefreshHeader.m; sourceTree = "<group>"; };
		42936DD121928A410076F47A /* LNRefreshAnimator.m */ = {isa = PBXFileReference; fileEncoding = 4; lastKnownFileType = sourcecode.c.objc; path = LNRefreshAnimator.m; sourceTree = "<group>"; };
		42936DD221928A410076F47A /* LNRefreshFooter.m */ = {isa = PBXFileReference; fileEncoding = 4; lastKnownFileType = sourcecode.c.objc; path = LNRefreshFooter.m; sourceTree = "<group>"; };
		42936DD321928A410076F47A /* LNRefreshConst.m */ = {isa = PBXFileReference; fileEncoding = 4; lastKnownFileType = sourcecode.c.objc; path = LNRefreshConst.m; sourceTree = "<group>"; };
		42936DD421928A410076F47A /* LNHeaderAnimator.h */ = {isa = PBXFileReference; fileEncoding = 4; lastKnownFileType = sourcecode.c.h; path = LNHeaderAnimator.h; sourceTree = "<group>"; };
		42936DD521928A410076F47A /* LNRefreshComponent.m */ = {isa = PBXFileReference; fileEncoding = 4; lastKnownFileType = sourcecode.c.objc; path = LNRefreshComponent.m; sourceTree = "<group>"; };
		42936DD621928A410076F47A /* LNRefreshHandler.m */ = {isa = PBXFileReference; fileEncoding = 4; lastKnownFileType = sourcecode.c.objc; path = LNRefreshHandler.m; sourceTree = "<group>"; };
		42936DD721928A410076F47A /* LNFooterAnimator.m */ = {isa = PBXFileReference; fileEncoding = 4; lastKnownFileType = sourcecode.c.objc; path = LNFooterAnimator.m; sourceTree = "<group>"; };
		42936DD821928A410076F47A /* NSObject+LNRefresh.m */ = {isa = PBXFileReference; fileEncoding = 4; lastKnownFileType = sourcecode.c.objc; path = "NSObject+LNRefresh.m"; sourceTree = "<group>"; };
		42936DD921928A410076F47A /* LNRefreshConst.h */ = {isa = PBXFileReference; fileEncoding = 4; lastKnownFileType = sourcecode.c.h; path = LNRefreshConst.h; sourceTree = "<group>"; };
		42936DDA21928A410076F47A /* LNRefreshFooter.h */ = {isa = PBXFileReference; fileEncoding = 4; lastKnownFileType = sourcecode.c.h; path = LNRefreshFooter.h; sourceTree = "<group>"; };
		42936DDB21928A410076F47A /* LNRefreshHeader.h */ = {isa = PBXFileReference; fileEncoding = 4; lastKnownFileType = sourcecode.c.h; path = LNRefreshHeader.h; sourceTree = "<group>"; };
		42936DDC21928A410076F47A /* LNRefreshAnimator.h */ = {isa = PBXFileReference; fileEncoding = 4; lastKnownFileType = sourcecode.c.h; path = LNRefreshAnimator.h; sourceTree = "<group>"; };
		42936DDD21928A410076F47A /* LNRefresh.h */ = {isa = PBXFileReference; fileEncoding = 4; lastKnownFileType = sourcecode.c.h; path = LNRefresh.h; sourceTree = "<group>"; };
		42936DDE21928A410076F47A /* LNHeaderAnimator.m */ = {isa = PBXFileReference; fileEncoding = 4; lastKnownFileType = sourcecode.c.objc; path = LNHeaderAnimator.m; sourceTree = "<group>"; };
		42936DDF21928A410076F47A /* LNRefreshComponent.h */ = {isa = PBXFileReference; fileEncoding = 4; lastKnownFileType = sourcecode.c.h; path = LNRefreshComponent.h; sourceTree = "<group>"; };
		42936DE021928A410076F47A /* LNFooterAnimator.h */ = {isa = PBXFileReference; fileEncoding = 4; lastKnownFileType = sourcecode.c.h; path = LNFooterAnimator.h; sourceTree = "<group>"; };
		42936DE121928A410076F47A /* LNRefreshHandler.h */ = {isa = PBXFileReference; fileEncoding = 4; lastKnownFileType = sourcecode.c.h; path = LNRefreshHandler.h; sourceTree = "<group>"; };
		42936DE221928A410076F47A /* LNRefresh.h */ = {isa = PBXFileReference; fileEncoding = 4; lastKnownFileType = sourcecode.c.h; path = LNRefresh.h; sourceTree = "<group>"; };
		42936DE521928A410076F47A /* DemoVC.m */ = {isa = PBXFileReference; fileEncoding = 4; lastKnownFileType = sourcecode.c.objc; path = DemoVC.m; sourceTree = "<group>"; };
		42936DE621928A410076F47A /* RefreshAnimateVC.m */ = {isa = PBXFileReference; fileEncoding = 4; lastKnownFileType = sourcecode.c.objc; path = RefreshAnimateVC.m; sourceTree = "<group>"; };
		42936DE721928A410076F47A /* RefreshAnimateVC.h */ = {isa = PBXFileReference; fileEncoding = 4; lastKnownFileType = sourcecode.c.h; path = RefreshAnimateVC.h; sourceTree = "<group>"; };
		42936DE821928A410076F47A /* DemoVC.h */ = {isa = PBXFileReference; fileEncoding = 4; lastKnownFileType = sourcecode.c.h; path = DemoVC.h; sourceTree = "<group>"; };
		42936E0721928B150076F47A /* refresh_arrow.png */ = {isa = PBXFileReference; lastKnownFileType = image.png; path = refresh_arrow.png; sourceTree = "<group>"; };
		42936E0821928B150076F47A /* lnrefresh.json */ = {isa = PBXFileReference; fileEncoding = 4; lastKnownFileType = text.json; path = lnrefresh.json; sourceTree = "<group>"; };
		42936E122192DA9D0076F47A /* TitleButton.m */ = {isa = PBXFileReference; fileEncoding = 4; lastKnownFileType = sourcecode.c.objc; path = TitleButton.m; sourceTree = "<group>"; };
		42936E132192DA9D0076F47A /* TitleButton.h */ = {isa = PBXFileReference; fileEncoding = 4; lastKnownFileType = sourcecode.c.h; path = TitleButton.h; sourceTree = "<group>"; };
		42936E152192DAB70076F47A /* BaseAnimateVC.h */ = {isa = PBXFileReference; fileEncoding = 4; lastKnownFileType = sourcecode.c.h; path = BaseAnimateVC.h; sourceTree = "<group>"; };
		42936E162192DAB70076F47A /* BaseAnimateVC.m */ = {isa = PBXFileReference; fileEncoding = 4; lastKnownFileType = sourcecode.c.objc; path = BaseAnimateVC.m; sourceTree = "<group>"; };
		42936E1A2192E0F60076F47A /* AppDelegate.h */ = {isa = PBXFileReference; fileEncoding = 4; lastKnownFileType = sourcecode.c.h; path = AppDelegate.h; sourceTree = "<group>"; };
		42936E1B2192E0F60076F47A /* Assets.xcassets */ = {isa = PBXFileReference; lastKnownFileType = folder.assetcatalog; path = Assets.xcassets; sourceTree = "<group>"; };
		42936E1D2192E0F60076F47A /* Base */ = {isa = PBXFileReference; lastKnownFileType = file.storyboard; name = Base; path = Base.lproj/LaunchScreen.storyboard; sourceTree = "<group>"; };
		42936E1F2192E0F60076F47A /* Base */ = {isa = PBXFileReference; lastKnownFileType = file.storyboard; name = Base; path = Base.lproj/Main.storyboard; sourceTree = "<group>"; };
		42936E202192E0F60076F47A /* main.m */ = {isa = PBXFileReference; fileEncoding = 4; lastKnownFileType = sourcecode.c.objc; path = main.m; sourceTree = "<group>"; };
		42936E212192E0F60076F47A /* AppDelegate.m */ = {isa = PBXFileReference; fileEncoding = 4; lastKnownFileType = sourcecode.c.objc; path = AppDelegate.m; sourceTree = "<group>"; };
		42936E222192E0F60076F47A /* PrefixHeader.pch */ = {isa = PBXFileReference; fileEncoding = 4; lastKnownFileType = sourcecode.c.h; path = PrefixHeader.pch; sourceTree = "<group>"; };
		42936E2D2192E88A0076F47A /* BaseAnimationController.h */ = {isa = PBXFileReference; fileEncoding = 4; lastKnownFileType = sourcecode.c.h; path = BaseAnimationController.h; sourceTree = "<group>"; };
		42936E2E2192E88B0076F47A /* BaseAnimationController.m */ = {isa = PBXFileReference; fileEncoding = 4; lastKnownFileType = sourcecode.c.objc; path = BaseAnimationController.m; sourceTree = "<group>"; };
		42936E302192EAAE0076F47A /* KeyFrameAnimationController.h */ = {isa = PBXFileReference; fileEncoding = 4; lastKnownFileType = sourcecode.c.h; path = KeyFrameAnimationController.h; sourceTree = "<group>"; };
		42936E312192EAAF0076F47A /* KeyFrameAnimationController.m */ = {isa = PBXFileReference; fileEncoding = 4; lastKnownFileType = sourcecode.c.objc; path = KeyFrameAnimationController.m; sourceTree = "<group>"; };
		42936E332192EABD0076F47A /* GroupAnimationController.m */ = {isa = PBXFileReference; fileEncoding = 4; lastKnownFileType = sourcecode.c.objc; path = GroupAnimationController.m; sourceTree = "<group>"; };
		42936E342192EABD0076F47A /* GroupAnimationController.h */ = {isa = PBXFileReference; fileEncoding = 4; lastKnownFileType = sourcecode.c.h; path = GroupAnimationController.h; sourceTree = "<group>"; };
		42936E362192EAC50076F47A /* TransitionAnimationController.m */ = {isa = PBXFileReference; fileEncoding = 4; lastKnownFileType = sourcecode.c.objc; path = TransitionAnimationController.m; sourceTree = "<group>"; };
		42936E372192EAC60076F47A /* TransitionAnimationController.h */ = {isa = PBXFileReference; fileEncoding = 4; lastKnownFileType = sourcecode.c.h; path = TransitionAnimationController.h; sourceTree = "<group>"; };
		42936E392192EAE30076F47A /* ComprehensiveCaseController.h */ = {isa = PBXFileReference; fileEncoding = 4; lastKnownFileType = sourcecode.c.h; path = ComprehensiveCaseController.h; sourceTree = "<group>"; };
		42936E3A2192EAE30076F47A /* ComprehensiveCaseController.m */ = {isa = PBXFileReference; fileEncoding = 4; lastKnownFileType = sourcecode.c.objc; path = ComprehensiveCaseController.m; sourceTree = "<group>"; };
		42936E3D2192EB200076F47A /* DWBubbleMenuButton.m */ = {isa = PBXFileReference; fileEncoding = 4; lastKnownFileType = sourcecode.c.objc; path = DWBubbleMenuButton.m; sourceTree = "<group>"; };
		42936E3E2192EB200076F47A /* DWBubbleMenuButton.h */ = {isa = PBXFileReference; fileEncoding = 4; lastKnownFileType = sourcecode.c.h; path = DWBubbleMenuButton.h; sourceTree = "<group>"; };
		42936E402192EB200076F47A /* DCPathItemButton.h */ = {isa = PBXFileReference; fileEncoding = 4; lastKnownFileType = sourcecode.c.h; path = DCPathItemButton.h; sourceTree = "<group>"; };
		42936E412192EB200076F47A /* DCPathButton.m */ = {isa = PBXFileReference; fileEncoding = 4; lastKnownFileType = sourcecode.c.objc; path = DCPathButton.m; sourceTree = "<group>"; };
		42936E422192EB200076F47A /* DCPathCenterButton.h */ = {isa = PBXFileReference; fileEncoding = 4; lastKnownFileType = sourcecode.c.h; path = DCPathCenterButton.h; sourceTree = "<group>"; };
		42936E432192EB200076F47A /* DCPathItemButton.m */ = {isa = PBXFileReference; fileEncoding = 4; lastKnownFileType = sourcecode.c.objc; path = DCPathItemButton.m; sourceTree = "<group>"; };
		42936E442192EB200076F47A /* DCPathButton.h */ = {isa = PBXFileReference; fileEncoding = 4; lastKnownFileType = sourcecode.c.h; path = DCPathButton.h; sourceTree = "<group>"; };
		42936E452192EB200076F47A /* DCPathCenterButton.m */ = {isa = PBXFileReference; fileEncoding = 4; lastKnownFileType = sourcecode.c.objc; path = DCPathCenterButton.m; sourceTree = "<group>"; };
		42936E472192EB210076F47A /* MCFireworksButton.m */ = {isa = PBXFileReference; fileEncoding = 4; lastKnownFileType = sourcecode.c.objc; path = MCFireworksButton.m; sourceTree = "<group>"; };
		42936E482192EB210076F47A /* MCFireworksView.m */ = {isa = PBXFileReference; fileEncoding = 4; lastKnownFileType = sourcecode.c.objc; path = MCFireworksView.m; sourceTree = "<group>"; };
		42936E492192EB210076F47A /* MCFireworksButton.h */ = {isa = PBXFileReference; fileEncoding = 4; lastKnownFileType = sourcecode.c.h; path = MCFireworksButton.h; sourceTree = "<group>"; };
		42936E4A2192EB210076F47A /* MCFireworksView.h */ = {isa = PBXFileReference; fileEncoding = 4; lastKnownFileType = sourcecode.c.h; path = MCFireworksView.h; sourceTree = "<group>"; };
		42936E522192EEA00076F47A /* selected.caf */ = {isa = PBXFileReference; lastKnownFileType = file; path = selected.caf; sourceTree = "<group>"; };
		42936E532192EEA00076F47A /* fold.caf */ = {isa = PBXFileReference; lastKnownFileType = file; path = fold.caf; sourceTree = "<group>"; };
		42936E542192EEA00076F47A /* bloom.caf */ = {isa = PBXFileReference; lastKnownFileType = file; path = bloom.caf; sourceTree = "<group>"; };
		42B93BF12191874A00CBB02D /* UIViewAnimationVC.h */ = {isa = PBXFileReference; lastKnownFileType = sourcecode.c.h; path = UIViewAnimationVC.h; sourceTree = "<group>"; };
		42B93BF22191874A00CBB02D /* UIViewAnimationVC.m */ = {isa = PBXFileReference; lastKnownFileType = sourcecode.c.objc; path = UIViewAnimationVC.m; sourceTree = "<group>"; };
		42B93BF32191874A00CBB02D /* UIViewAnimationVC.xib */ = {isa = PBXFileReference; lastKnownFileType = file.xib; path = UIViewAnimationVC.xib; sourceTree = "<group>"; };
		42B93BF72191877800CBB02D /* CALayerAnimationVC.h */ = {isa = PBXFileReference; lastKnownFileType = sourcecode.c.h; path = CALayerAnimationVC.h; sourceTree = "<group>"; };
		42B93BF82191877800CBB02D /* CALayerAnimationVC.m */ = {isa = PBXFileReference; lastKnownFileType = sourcecode.c.objc; path = CALayerAnimationVC.m; sourceTree = "<group>"; };
		42B93BF92191877800CBB02D /* CALayerAnimationVC.xib */ = {isa = PBXFileReference; lastKnownFileType = file.xib; path = CALayerAnimationVC.xib; sourceTree = "<group>"; };
		42B93BFD21918EF000CBB02D /* ThirdPartAnimationVC.h */ = {isa = PBXFileReference; lastKnownFileType = sourcecode.c.h; path = ThirdPartAnimationVC.h; sourceTree = "<group>"; };
		42B93BFE21918EF000CBB02D /* ThirdPartAnimationVC.m */ = {isa = PBXFileReference; lastKnownFileType = sourcecode.c.objc; path = ThirdPartAnimationVC.m; sourceTree = "<group>"; };
		42B93BFF21918EF000CBB02D /* ThirdPartAnimationVC.xib */ = {isa = PBXFileReference; lastKnownFileType = file.xib; path = ThirdPartAnimationVC.xib; sourceTree = "<group>"; };
		42C52C25218841A5001D7A07 /* DemoView.h */ = {isa = PBXFileReference; lastKnownFileType = sourcecode.c.h; path = DemoView.h; sourceTree = "<group>"; };
		42C52C26218841A5001D7A07 /* DemoView.m */ = {isa = PBXFileReference; lastKnownFileType = sourcecode.c.objc; path = DemoView.m; sourceTree = "<group>"; };
		42C52C28218841BC001D7A07 /* DemoLayer.h */ = {isa = PBXFileReference; lastKnownFileType = sourcecode.c.h; path = DemoLayer.h; sourceTree = "<group>"; };
		42C52C29218841BC001D7A07 /* DemoLayer.m */ = {isa = PBXFileReference; lastKnownFileType = sourcecode.c.objc; path = DemoLayer.m; sourceTree = "<group>"; };
		42D63501219128FE0063E763 /* LayerAndAnimateVC.h */ = {isa = PBXFileReference; lastKnownFileType = sourcecode.c.h; path = LayerAndAnimateVC.h; sourceTree = "<group>"; };
		42D63502219128FE0063E763 /* LayerAndAnimateVC.m */ = {isa = PBXFileReference; lastKnownFileType = sourcecode.c.objc; path = LayerAndAnimateVC.m; sourceTree = "<group>"; };
		42D6350421912BF30063E763 /* LayerAndAnimateVC.xib */ = {isa = PBXFileReference; lastKnownFileType = file.xib; path = LayerAndAnimateVC.xib; sourceTree = "<group>"; };
		42D6350821912ECF0063E763 /* CALayerControlsViewController.m */ = {isa = PBXFileReference; fileEncoding = 4; lastKnownFileType = sourcecode.c.objc; path = CALayerControlsViewController.m; sourceTree = "<group>"; };
		42D6350921912ED00063E763 /* CALayerControlsViewController.h */ = {isa = PBXFileReference; fileEncoding = 4; lastKnownFileType = sourcecode.c.h; path = CALayerControlsViewController.h; sourceTree = "<group>"; };
		42D6350A21912ED00063E763 /* CALayerViewController.m */ = {isa = PBXFileReference; fileEncoding = 4; lastKnownFileType = sourcecode.c.objc; path = CALayerViewController.m; sourceTree = "<group>"; };
		42D6350B21912ED00063E763 /* CALayerViewController.h */ = {isa = PBXFileReference; fileEncoding = 4; lastKnownFileType = sourcecode.c.h; path = CALayerViewController.h; sourceTree = "<group>"; };
		42D6350C21912ED00063E763 /* ClassListViewController.h */ = {isa = PBXFileReference; fileEncoding = 4; lastKnownFileType = sourcecode.c.h; path = ClassListViewController.h; sourceTree = "<group>"; };
		42D6350D21912ED00063E763 /* ClassListViewController.m */ = {isa = PBXFileReference; fileEncoding = 4; lastKnownFileType = sourcecode.c.objc; path = ClassListViewController.m; sourceTree = "<group>"; };
		42D6351121912EEF0063E763 /* ClassListViewController.storyboard */ = {isa = PBXFileReference; fileEncoding = 4; lastKnownFileType = file.storyboard; path = ClassListViewController.storyboard; sourceTree = "<group>"; };
		42D6351E219170890063E763 /* CAScrollLayerVC.h */ = {isa = PBXFileReference; lastKnownFileType = sourcecode.c.h; path = CAScrollLayerVC.h; sourceTree = "<group>"; };
		42D6351F219170890063E763 /* CAScrollLayerVC.m */ = {isa = PBXFileReference; lastKnownFileType = sourcecode.c.objc; path = CAScrollLayerVC.m; sourceTree = "<group>"; };
		42D63521219170A00063E763 /* CATextLayerVC.h */ = {isa = PBXFileReference; lastKnownFileType = sourcecode.c.h; path = CATextLayerVC.h; sourceTree = "<group>"; };
		42D63522219170A00063E763 /* CATextLayerVC.m */ = {isa = PBXFileReference; lastKnownFileType = sourcecode.c.objc; path = CATextLayerVC.m; sourceTree = "<group>"; };
		42D63524219170B70063E763 /* AVPlayerLayerVC.h */ = {isa = PBXFileReference; lastKnownFileType = sourcecode.c.h; path = AVPlayerLayerVC.h; sourceTree = "<group>"; };
		42D63525219170B70063E763 /* AVPlayerLayerVC.m */ = {isa = PBXFileReference; lastKnownFileType = sourcecode.c.objc; path = AVPlayerLayerVC.m; sourceTree = "<group>"; };
		42D63527219170CC0063E763 /* CAGradientLayerVC.h */ = {isa = PBXFileReference; lastKnownFileType = sourcecode.c.h; path = CAGradientLayerVC.h; sourceTree = "<group>"; };
		42D63528219170CC0063E763 /* CAGradientLayerVC.m */ = {isa = PBXFileReference; lastKnownFileType = sourcecode.c.objc; path = CAGradientLayerVC.m; sourceTree = "<group>"; };
		42D6352A219170E60063E763 /* CAReplicatorLayerVC.h */ = {isa = PBXFileReference; lastKnownFileType = sourcecode.c.h; path = CAReplicatorLayerVC.h; sourceTree = "<group>"; };
		42D6352B219170E60063E763 /* CAReplicatorLayerVC.m */ = {isa = PBXFileReference; lastKnownFileType = sourcecode.c.objc; path = CAReplicatorLayerVC.m; sourceTree = "<group>"; };
		42D6352D219170F70063E763 /* CATiledLayerVC.h */ = {isa = PBXFileReference; lastKnownFileType = sourcecode.c.h; path = CATiledLayerVC.h; sourceTree = "<group>"; };
		42D6352E219170F70063E763 /* CATiledLayerVC.m */ = {isa = PBXFileReference; lastKnownFileType = sourcecode.c.objc; path = CATiledLayerVC.m; sourceTree = "<group>"; };
		42D635302191710F0063E763 /* CAShapeLayerVC.h */ = {isa = PBXFileReference; lastKnownFileType = sourcecode.c.h; path = CAShapeLayerVC.h; sourceTree = "<group>"; };
		42D635312191710F0063E763 /* CAShapeLayerVC.m */ = {isa = PBXFileReference; lastKnownFileType = sourcecode.c.objc; path = CAShapeLayerVC.m; sourceTree = "<group>"; };
		42D63533219171200063E763 /* CAEAGLLayerVC.h */ = {isa = PBXFileReference; lastKnownFileType = sourcecode.c.h; path = CAEAGLLayerVC.h; sourceTree = "<group>"; };
		42D63534219171200063E763 /* CAEAGLLayerVC.m */ = {isa = PBXFileReference; lastKnownFileType = sourcecode.c.objc; path = CAEAGLLayerVC.m; sourceTree = "<group>"; };
		42D63536219171350063E763 /* CATransformLayerVC.h */ = {isa = PBXFileReference; lastKnownFileType = sourcecode.c.h; path = CATransformLayerVC.h; sourceTree = "<group>"; };
		42D63537219171350063E763 /* CATransformLayerVC.m */ = {isa = PBXFileReference; lastKnownFileType = sourcecode.c.objc; path = CATransformLayerVC.m; sourceTree = "<group>"; };
		42D63539219171450063E763 /* CAEmitterLayerVC.h */ = {isa = PBXFileReference; lastKnownFileType = sourcecode.c.h; path = CAEmitterLayerVC.h; sourceTree = "<group>"; };
		42D6353A219171450063E763 /* CAEmitterLayerVC.m */ = {isa = PBXFileReference; lastKnownFileType = sourcecode.c.objc; path = CAEmitterLayerVC.m; sourceTree = "<group>"; };
		42D6353C219175880063E763 /* PDLayerLabel.h */ = {isa = PBXFileReference; fileEncoding = 4; lastKnownFileType = sourcecode.c.h; path = PDLayerLabel.h; sourceTree = "<group>"; };
		42D6353D219175880063E763 /* PDLayerLabel.m */ = {isa = PBXFileReference; fileEncoding = 4; lastKnownFileType = sourcecode.c.objc; path = PDLayerLabel.m; sourceTree = "<group>"; };
		42D6353F219175CB0063E763 /* PDScrollView.m */ = {isa = PBXFileReference; fileEncoding = 4; lastKnownFileType = sourcecode.c.objc; path = PDScrollView.m; sourceTree = "<group>"; };
		42D63540219175CB0063E763 /* PDScrollView.h */ = {isa = PBXFileReference; fileEncoding = 4; lastKnownFileType = sourcecode.c.h; path = PDScrollView.h; sourceTree = "<group>"; };
		42D63542219176630063E763 /* ReflectionView.h */ = {isa = PBXFileReference; fileEncoding = 4; lastKnownFileType = sourcecode.c.h; path = ReflectionView.h; sourceTree = "<group>"; };
		42D63543219176630063E763 /* ReflectionView.m */ = {isa = PBXFileReference; fileEncoding = 4; lastKnownFileType = sourcecode.c.objc; path = ReflectionView.m; sourceTree = "<group>"; };
		42D63545219177160063E763 /* PDView.m */ = {isa = PBXFileReference; fileEncoding = 4; lastKnownFileType = sourcecode.c.objc; path = PDView.m; sourceTree = "<group>"; };
		42D63546219177160063E763 /* PDView.h */ = {isa = PBXFileReference; fileEncoding = 4; lastKnownFileType = sourcecode.c.h; path = PDView.h; sourceTree = "<group>"; };
		42D63548219177690063E763 /* GLKit.framework */ = {isa = PBXFileReference; lastKnownFileType = wrapper.framework; name = GLKit.framework; path = System/Library/Frameworks/GLKit.framework; sourceTree = SDKROOT; };
		42D63549219177690063E763 /* OpenGLES.framework */ = {isa = PBXFileReference; lastKnownFileType = wrapper.framework; name = OpenGLES.framework; path = System/Library/Frameworks/OpenGLES.framework; sourceTree = SDKROOT; };
		42D6354B21917AC10063E763 /* AnimateSummaryVC.h */ = {isa = PBXFileReference; lastKnownFileType = sourcecode.c.h; path = AnimateSummaryVC.h; sourceTree = "<group>"; };
		42D6354C21917AC10063E763 /* AnimateSummaryVC.m */ = {isa = PBXFileReference; lastKnownFileType = sourcecode.c.objc; path = AnimateSummaryVC.m; sourceTree = "<group>"; };
		42D6354D21917AC10063E763 /* AnimateSummaryVC.xib */ = {isa = PBXFileReference; lastKnownFileType = file.xib; path = AnimateSummaryVC.xib; sourceTree = "<group>"; };
		42F771F52193B9E400FFD237 /* BALoadingView.h */ = {isa = PBXFileReference; fileEncoding = 4; lastKnownFileType = sourcecode.c.h; path = BALoadingView.h; sourceTree = "<group>"; };
		42F771F62193B9E400FFD237 /* BAActivityIndicatorView.m */ = {isa = PBXFileReference; fileEncoding = 4; lastKnownFileType = sourcecode.c.objc; path = BAActivityIndicatorView.m; sourceTree = "<group>"; };
		42F771F72193B9E400FFD237 /* BALoadingWaveView.m */ = {isa = PBXFileReference; fileEncoding = 4; lastKnownFileType = sourcecode.c.objc; path = BALoadingWaveView.m; sourceTree = "<group>"; };
		42F771F82193B9E400FFD237 /* BAActivityIndicatorView.h */ = {isa = PBXFileReference; fileEncoding = 4; lastKnownFileType = sourcecode.c.h; path = BAActivityIndicatorView.h; sourceTree = "<group>"; };
		42F771F92193B9E400FFD237 /* BALoadingView.m */ = {isa = PBXFileReference; fileEncoding = 4; lastKnownFileType = sourcecode.c.objc; path = BALoadingView.m; sourceTree = "<group>"; };
		42F771FA2193B9E400FFD237 /* BALoadingWaveView.h */ = {isa = PBXFileReference; fileEncoding = 4; lastKnownFileType = sourcecode.c.h; path = BALoadingWaveView.h; sourceTree = "<group>"; };
		42F771FF2193BA5F00FFD237 /* UIView+BAAnimation.h */ = {isa = PBXFileReference; fileEncoding = 4; lastKnownFileType = sourcecode.c.h; path = "UIView+BAAnimation.h"; sourceTree = "<group>"; };
		42F772002193BA5F00FFD237 /* UIView+BAAnimation.m */ = {isa = PBXFileReference; fileEncoding = 4; lastKnownFileType = sourcecode.c.objc; path = "UIView+BAAnimation.m"; sourceTree = "<group>"; };
		42F772032193BA6600FFD237 /* UIView+BATransition.m */ = {isa = PBXFileReference; fileEncoding = 4; lastKnownFileType = sourcecode.c.objc; path = "UIView+BATransition.m"; sourceTree = "<group>"; };
		42F772042193BA6600FFD237 /* UIView+BATransition.h */ = {isa = PBXFileReference; fileEncoding = 4; lastKnownFileType = sourcecode.c.h; path = "UIView+BATransition.h"; sourceTree = "<group>"; };
		42F772062193BA9D00FFD237 /* BATransitionDemo.h */ = {isa = PBXFileReference; fileEncoding = 4; lastKnownFileType = sourcecode.c.h; path = BATransitionDemo.h; sourceTree = "<group>"; };
		42F772072193BA9E00FFD237 /* BATransitionDemo.m */ = {isa = PBXFileReference; fileEncoding = 4; lastKnownFileType = sourcecode.c.objc; path = BATransitionDemo.m; sourceTree = "<group>"; };
		42F772082193BA9E00FFD237 /* BATransitionDemo.xib */ = {isa = PBXFileReference; fileEncoding = 4; lastKnownFileType = file.xib; path = BATransitionDemo.xib; sourceTree = "<group>"; };
		42F7720B2193BE3D00FFD237 /* BACAKeyframeAnimationDemo.h */ = {isa = PBXFileReference; fileEncoding = 4; lastKnownFileType = sourcecode.c.h; path = BACAKeyframeAnimationDemo.h; sourceTree = "<group>"; };
		42F7720C2193BE3D00FFD237 /* BACAKeyframeAnimationDemo.m */ = {isa = PBXFileReference; fileEncoding = 4; lastKnownFileType = sourcecode.c.objc; path = BACAKeyframeAnimationDemo.m; sourceTree = "<group>"; };
		42F7720D2193BE3D00FFD237 /* BACAKeyframeAnimationDemo.xib */ = {isa = PBXFileReference; fileEncoding = 4; lastKnownFileType = file.xib; path = BACAKeyframeAnimationDemo.xib; sourceTree = "<group>"; };
		4578D8D57C20BD33FAAE9CD5 /* Pods-WHLatticeDemo.debug.xcconfig */ = {isa = PBXFileReference; includeInIndex = 1; lastKnownFileType = text.xcconfig; name = "Pods-WHLatticeDemo.debug.xcconfig"; path = "Pods/Target Support Files/Pods-WHLatticeDemo/Pods-WHLatticeDemo.debug.xcconfig"; sourceTree = "<group>"; };
		5E92FB8E9C291B5BCFB3855C /* Pods-WHLatticeDemo.release.xcconfig */ = {isa = PBXFileReference; includeInIndex = 1; lastKnownFileType = text.xcconfig; name = "Pods-WHLatticeDemo.release.xcconfig"; path = "Pods/Target Support Files/Pods-WHLatticeDemo/Pods-WHLatticeDemo.release.xcconfig"; sourceTree = "<group>"; };
		68881A1F1EF0FC1200229107 /* WHLatticeDemo.app */ = {isa = PBXFileReference; explicitFileType = wrapper.application; includeInIndex = 0; path = WHLatticeDemo.app; sourceTree = BUILT_PRODUCTS_DIR; };
		68881A281EF0FC1200229107 /* LayerBaseVC.h */ = {isa = PBXFileReference; lastKnownFileType = sourcecode.c.h; path = LayerBaseVC.h; sourceTree = "<group>"; };
		68881A291EF0FC1200229107 /* LayerBaseVC.m */ = {isa = PBXFileReference; lastKnownFileType = sourcecode.c.objc; path = LayerBaseVC.m; sourceTree = "<group>"; };
		DB6F2A82BE7518D63196A9DB /* libPods-WHLatticeDemo.a */ = {isa = PBXFileReference; explicitFileType = archive.ar; includeInIndex = 0; path = "libPods-WHLatticeDemo.a"; sourceTree = BUILT_PRODUCTS_DIR; };
/* End PBXFileReference section */

/* Begin PBXFrameworksBuildPhase section */
		68881A1C1EF0FC1200229107 /* Frameworks */ = {
			isa = PBXFrameworksBuildPhase;
			buildActionMask = 2147483647;
			files = (
				56524138B517A91662499CF2 /* libPods-WHLatticeDemo.a in Frameworks */,
			);
			runOnlyForDeploymentPostprocessing = 0;
		};
/* End PBXFrameworksBuildPhase section */

/* Begin PBXGroup section */
		27709B24923224CDF4F2BDC1 /* Pods */ = {
			isa = PBXGroup;
			children = (
				4578D8D57C20BD33FAAE9CD5 /* Pods-WHLatticeDemo.debug.xcconfig */,
				5E92FB8E9C291B5BCFB3855C /* Pods-WHLatticeDemo.release.xcconfig */,
			);
			name = Pods;
			sourceTree = "<group>";
		};
		4201D5CB221FE3E90069080D /* 6_图形部分总结 */ = {
			isa = PBXGroup;
			children = (
				4201D5CF221FE9080069080D /* ImageSummaryVC.h */,
				4201D5D0221FE9080069080D /* ImageSummaryVC.m */,
				4201D5D1221FE9080069080D /* ImageSummaryVC.xib */,
				4201D5CC221FE6480069080D /* UIImage+CornerRadius.h */,
				4201D5CD221FE6480069080D /* UIImage+CornerRadius.m */,
			);
			name = "6_图形部分总结";
			sourceTree = "<group>";
		};
		4210993521ED6B5D0097102C /* 5_布局summary */ = {
			isa = PBXGroup;
			children = (
				4210994C21EDC7730097102C /* 瘦化table */,
				4210993E21ED8F580097102C /* AutoLayoutVC.h */,
				4210993F21ED8F580097102C /* AutoLayoutVC.m */,
				4210994021ED8F580097102C /* AutoLayoutVC.xib */,
				4210993621ED6C450097102C /* 1，Frame系 */,
				4210993721ED6C530097102C /* 2，AutoLayout系 */,
				4210993C21ED8A4B0097102C /* 3，性能系 */,
				4210993D21ED8A540097102C /* 4，跨平台系 */,
			);
			name = "5_布局summary";
			sourceTree = "<group>";
		};
		4210993621ED6C450097102C /* 1，Frame系 */ = {
			isa = PBXGroup;
			children = (
				4210993821ED6C830097102C /* 1，纯Frame */,
				4210993921ED6C8F0097102C /* 2，MyLayout框架 */,
			);
			name = "1，Frame系";
			sourceTree = "<group>";
		};
		4210993721ED6C530097102C /* 2，AutoLayout系 */ = {
			isa = PBXGroup;
			children = (
				4210993A21ED6CAF0097102C /* 1，纯AutoLayout */,
				4210993B21ED6CC10097102C /* 2，Masonry框架 */,
			);
			name = "2，AutoLayout系";
			sourceTree = "<group>";
		};
		4210993821ED6C830097102C /* 1，纯Frame */ = {
			isa = PBXGroup;
			children = (
			);
			name = "1，纯Frame";
			sourceTree = "<group>";
		};
		4210993921ED6C8F0097102C /* 2，MyLayout框架 */ = {
			isa = PBXGroup;
			children = (
			);
			name = "2，MyLayout框架";
			sourceTree = "<group>";
		};
		4210993A21ED6CAF0097102C /* 1，纯AutoLayout */ = {
			isa = PBXGroup;
			children = (
			);
			name = "1，纯AutoLayout";
			sourceTree = "<group>";
		};
		4210993B21ED6CC10097102C /* 2，Masonry框架 */ = {
			isa = PBXGroup;
			children = (
			);
			name = "2，Masonry框架";
			sourceTree = "<group>";
		};
		4210993C21ED8A4B0097102C /* 3，性能系 */ = {
			isa = PBXGroup;
			children = (
			);
			name = "3，性能系";
			sourceTree = "<group>";
		};
		4210993D21ED8A540097102C /* 4，跨平台系 */ = {
			isa = PBXGroup;
			children = (
			);
			name = "4，跨平台系";
			sourceTree = "<group>";
		};
		4210994C21EDC7730097102C /* 瘦化table */ = {
			isa = PBXGroup;
			children = (
				4210994621EDBB0D0097102C /* TestModel.h */,
				4210994821EDBB0E0097102C /* TestModel.m */,
				4210994921EDBB0E0097102C /* TestCell.h */,
				4210994721EDBB0D0097102C /* TestCell.m */,
				4210994321EDB9C90097102C /* ArrayDataSource.h */,
				4210994421EDB9C90097102C /* ArrayDataSource.m */,
			);
			name = "瘦化table";
			sourceTree = "<group>";
		};
		42936D9A219287550076F47A /* 4_DrawSummary */ = {
			isa = PBXGroup;
			children = (
				42936D9B219288640076F47A /* DrawSummaryVC.h */,
				42936D9C219288640076F47A /* DrawSummaryVC.m */,
				42936D9D219288640076F47A /* DrawSummaryVC.xib */,
			);
			name = 4_DrawSummary;
			sourceTree = "<group>";
		};
		42936DA0219289700076F47A /* #4_RefreshAnimation */ = {
			isa = PBXGroup;
			children = (
				42936DE721928A410076F47A /* RefreshAnimateVC.h */,
				42936DE621928A410076F47A /* RefreshAnimateVC.m */,
				42936E0821928B150076F47A /* lnrefresh.json */,
				42936E0721928B150076F47A /* refresh_arrow.png */,
				42936DE421928A410076F47A /* LNClasses */,
				42936DA421928A410076F47A /* LNHeaderAnimator */,
				42936DCD21928A410076F47A /* LNRefresh */,
				42936DA121928A410076F47A /* LNRefreshAnalysis */,
			);
			name = "#4_RefreshAnimation";
			sourceTree = "<group>";
		};
		42936DA121928A410076F47A /* LNRefreshAnalysis */ = {
			isa = PBXGroup;
			children = (
				42936DA221928A410076F47A /* LNHeaderAnimator+Analysis.h */,
				42936DA321928A410076F47A /* LNHeaderAnimator+Analysis.m */,
			);
			path = LNRefreshAnalysis;
			sourceTree = "<group>";
		};
		42936DA421928A410076F47A /* LNHeaderAnimator */ = {
			isa = PBXGroup;
			children = (
				42936DA521928A410076F47A /* LNHeaderFeizhuAnimator */,
				42936DA921928A410076F47A /* LNHeaderTaobaoAnimator */,
				42936DAC21928A410076F47A /* LNHeaderNetEaseNewsAnimator */,
				42936DAF21928A410076F47A /* LNHeaderDIYAnimator */,
				42936DB421928A410076F47A /* LNHeaderJDAnimator */,
				42936DB721928A410076F47A /* LNHeaderKaolaAnimator */,
				42936DBA21928A410076F47A /* LNHeaderTmallAnimator */,
				42936DC421928A410076F47A /* LNHeaderMeituanAnimator */,
				42936DC721928A410076F47A /* LNHeaderELEAnimator */,
				42936DCA21928A410076F47A /* LNHeaderToutiaoAnimator */,
			);
			path = LNHeaderAnimator;
			sourceTree = "<group>";
		};
		42936DA521928A410076F47A /* LNHeaderFeizhuAnimator */ = {
			isa = PBXGroup;
			children = (
				42936DA621928A410076F47A /* LNHeaderFeizhuAnimator.m */,
				42936DA721928A410076F47A /* feizhu_pull_refresh.gif */,
				42936DA821928A410076F47A /* LNHeaderFeizhuAnimator.h */,
			);
			path = LNHeaderFeizhuAnimator;
			sourceTree = "<group>";
		};
		42936DA921928A410076F47A /* LNHeaderTaobaoAnimator */ = {
			isa = PBXGroup;
			children = (
				42936DAA21928A410076F47A /* LNHeaderTaobaoAnimator.m */,
				42936DAB21928A410076F47A /* LNHeaderTaobaoAnimator.h */,
			);
			path = LNHeaderTaobaoAnimator;
			sourceTree = "<group>";
		};
		42936DAC21928A410076F47A /* LNHeaderNetEaseNewsAnimator */ = {
			isa = PBXGroup;
			children = (
				42936DAD21928A410076F47A /* LNHeaderNetEaseNewsAnimator.h */,
				42936DAE21928A410076F47A /* LNHeaderNetEaseNewsAnimator.m */,
			);
			path = LNHeaderNetEaseNewsAnimator;
			sourceTree = "<group>";
		};
		42936DAF21928A410076F47A /* LNHeaderDIYAnimator */ = {
			isa = PBXGroup;
			children = (
				42936DB021928A410076F47A /* YLoadingPanel.h */,
				42936DB121928A410076F47A /* LNHeaderDIYAnimator.h */,
				42936DB221928A410076F47A /* YLoadingPanel.m */,
				42936DB321928A410076F47A /* LNHeaderDIYAnimator.m */,
			);
			path = LNHeaderDIYAnimator;
			sourceTree = "<group>";
		};
		42936DB421928A410076F47A /* LNHeaderJDAnimator */ = {
			isa = PBXGroup;
			children = (
				42936DB521928A410076F47A /* LNHeaderJDAnimator.h */,
				42936DB621928A410076F47A /* LNHeaderJDAnimator.m */,
			);
			path = LNHeaderJDAnimator;
			sourceTree = "<group>";
		};
		42936DB721928A410076F47A /* LNHeaderKaolaAnimator */ = {
			isa = PBXGroup;
			children = (
				42936DB821928A410076F47A /* LNHeaderKaolaAnimator.h */,
				42936DB921928A410076F47A /* LNHeaderKaolaAnimator.m */,
			);
			path = LNHeaderKaolaAnimator;
			sourceTree = "<group>";
		};
		42936DBA21928A410076F47A /* LNHeaderTmallAnimator */ = {
			isa = PBXGroup;
			children = (
				42936DBB21928A410076F47A /* LNHeaderTmallAnimator.m */,
				42936DBC21928A410076F47A /* Tmall */,
				42936DC121928A410076F47A /* UIImage+animatedGIF.h */,
				42936DC221928A410076F47A /* LNHeaderTmallAnimator.h */,
				42936DC321928A410076F47A /* UIImage+animatedGIF.m */,
			);
			path = LNHeaderTmallAnimator;
			sourceTree = "<group>";
		};
		42936DBC21928A410076F47A /* Tmall */ = {
			isa = PBXGroup;
			children = (
				42936DBD21928A410076F47A /* frontpage_refresh_release@2x.gif */,
				42936DBE21928A410076F47A /* frontpage_refresh_release@3x.gif */,
				42936DBF21928A410076F47A /* frontpage_refresh@3x.gif */,
				42936DC021928A410076F47A /* frontpage_refresh@2x.gif */,
			);
			path = Tmall;
			sourceTree = "<group>";
		};
		42936DC421928A410076F47A /* LNHeaderMeituanAnimator */ = {
			isa = PBXGroup;
			children = (
				42936DC521928A410076F47A /* LNHeaderMeituanAnimator.m */,
				42936DC621928A410076F47A /* LNHeaderMeituanAnimator.h */,
			);
			path = LNHeaderMeituanAnimator;
			sourceTree = "<group>";
		};
		42936DC721928A410076F47A /* LNHeaderELEAnimator */ = {
			isa = PBXGroup;
			children = (
				42936DC821928A410076F47A /* LNHeaderELEAnimator.h */,
				42936DC921928A410076F47A /* LNHeaderELEAnimator.m */,
			);
			path = LNHeaderELEAnimator;
			sourceTree = "<group>";
		};
		42936DCA21928A410076F47A /* LNHeaderToutiaoAnimator */ = {
			isa = PBXGroup;
			children = (
				42936DCB21928A410076F47A /* LNHeaderToutiaoAnimator.h */,
				42936DCC21928A410076F47A /* LNHeaderToutiaoAnimator.m */,
			);
			path = LNHeaderToutiaoAnimator;
			sourceTree = "<group>";
		};
		42936DCD21928A410076F47A /* LNRefresh */ = {
			isa = PBXGroup;
			children = (
				42936DCE21928A410076F47A /* LNRefresh */,
				42936DE221928A410076F47A /* LNRefresh.h */,
			);
			path = LNRefresh;
			sourceTree = "<group>";
		};
		42936DCE21928A410076F47A /* LNRefresh */ = {
			isa = PBXGroup;
			children = (
				42936DCF21928A410076F47A /* NSObject+LNRefresh.h */,
				42936DD021928A410076F47A /* LNRefreshHeader.m */,
				42936DD121928A410076F47A /* LNRefreshAnimator.m */,
				42936DD221928A410076F47A /* LNRefreshFooter.m */,
				42936DD321928A410076F47A /* LNRefreshConst.m */,
				42936DD421928A410076F47A /* LNHeaderAnimator.h */,
				42936DD521928A410076F47A /* LNRefreshComponent.m */,
				42936DD621928A410076F47A /* LNRefreshHandler.m */,
				42936DD721928A410076F47A /* LNFooterAnimator.m */,
				42936DD821928A410076F47A /* NSObject+LNRefresh.m */,
				42936DD921928A410076F47A /* LNRefreshConst.h */,
				42936DDA21928A410076F47A /* LNRefreshFooter.h */,
				42936DDB21928A410076F47A /* LNRefreshHeader.h */,
				42936DDC21928A410076F47A /* LNRefreshAnimator.h */,
				42936DDD21928A410076F47A /* LNRefresh.h */,
				42936DDE21928A410076F47A /* LNHeaderAnimator.m */,
				42936DDF21928A410076F47A /* LNRefreshComponent.h */,
				42936DE021928A410076F47A /* LNFooterAnimator.h */,
				42936DE121928A410076F47A /* LNRefreshHandler.h */,
			);
			path = LNRefresh;
			sourceTree = "<group>";
		};
		42936DE421928A410076F47A /* LNClasses */ = {
			isa = PBXGroup;
			children = (
				42936DE521928A410076F47A /* DemoVC.m */,
				42936DE821928A410076F47A /* DemoVC.h */,
			);
			path = LNClasses;
			sourceTree = "<group>";
		};
		42936E0B2192D96B0076F47A /* 1，HiddenAnimate */ = {
			isa = PBXGroup;
			children = (
			);
			name = "1，HiddenAnimate";
			sourceTree = "<group>";
		};
		42936E0C2192D9820076F47A /* 6，ExampleAnimate */ = {
			isa = PBXGroup;
			children = (
				42936E3F2192EB200076F47A /* DCPathButton */,
				42936E3C2192EB200076F47A /* DWBubbleMenuButton */,
				42936E462192EB210076F47A /* MCFireworksButton */,
				42936E392192EAE30076F47A /* ComprehensiveCaseController.h */,
				42936E3A2192EAE30076F47A /* ComprehensiveCaseController.m */,
			);
			name = "6，ExampleAnimate";
			sourceTree = "<group>";
		};
		42936E0D2192D9890076F47A /* 5，TransitionAnimate */ = {
			isa = PBXGroup;
			children = (
				42936E372192EAC60076F47A /* TransitionAnimationController.h */,
				42936E362192EAC50076F47A /* TransitionAnimationController.m */,
				42F772062193BA9D00FFD237 /* BATransitionDemo.h */,
				42F772072193BA9E00FFD237 /* BATransitionDemo.m */,
				42F772082193BA9E00FFD237 /* BATransitionDemo.xib */,
			);
			name = "5，TransitionAnimate";
			sourceTree = "<group>";
		};
		42936E0E2192D98D0076F47A /* 4，GroupAnimate */ = {
			isa = PBXGroup;
			children = (
				42936E342192EABD0076F47A /* GroupAnimationController.h */,
				42936E332192EABD0076F47A /* GroupAnimationController.m */,
			);
			name = "4，GroupAnimate";
			sourceTree = "<group>";
		};
		42936E0F2192D99F0076F47A /* 3，KeyFrameAnimate */ = {
			isa = PBXGroup;
			children = (
				42936E302192EAAE0076F47A /* KeyFrameAnimationController.h */,
				42936E312192EAAF0076F47A /* KeyFrameAnimationController.m */,
				42F7720B2193BE3D00FFD237 /* BACAKeyframeAnimationDemo.h */,
				42F7720C2193BE3D00FFD237 /* BACAKeyframeAnimationDemo.m */,
				42F7720D2193BE3D00FFD237 /* BACAKeyframeAnimationDemo.xib */,
			);
			name = "3，KeyFrameAnimate";
			sourceTree = "<group>";
		};
		42936E102192D9A40076F47A /* 2，BaseAnimate */ = {
			isa = PBXGroup;
			children = (
				42936E2D2192E88A0076F47A /* BaseAnimationController.h */,
				42936E2E2192E88B0076F47A /* BaseAnimationController.m */,
			);
			name = "2，BaseAnimate";
			sourceTree = "<group>";
		};
		42936E112192DA740076F47A /* 0，Source */ = {
			isa = PBXGroup;
			children = (
				42F771F42193B9E400FFD237 /* BALoadingView */,
				42F772022193BA6600FFD237 /* BATransition */,
				42F771FE2193BA5F00FFD237 /* BAUIViewAnimation */,
				42936E512192EEA00076F47A /* Sounds */,
				42936E152192DAB70076F47A /* BaseAnimateVC.h */,
				42936E162192DAB70076F47A /* BaseAnimateVC.m */,
				42936E132192DA9D0076F47A /* TitleButton.h */,
				42936E122192DA9D0076F47A /* TitleButton.m */,
			);
			name = "0，Source";
			sourceTree = "<group>";
		};
		42936E192192E0F60076F47A /* Others */ = {
			isa = PBXGroup;
			children = (
				42936E222192E0F60076F47A /* PrefixHeader.pch */,
				42936E1A2192E0F60076F47A /* AppDelegate.h */,
				42936E212192E0F60076F47A /* AppDelegate.m */,
				42936E1B2192E0F60076F47A /* Assets.xcassets */,
				42936E1C2192E0F60076F47A /* LaunchScreen.storyboard */,
				42936E1E2192E0F60076F47A /* Main.storyboard */,
				42936E202192E0F60076F47A /* main.m */,
			);
			path = Others;
			sourceTree = "<group>";
		};
		42936E3C2192EB200076F47A /* DWBubbleMenuButton */ = {
			isa = PBXGroup;
			children = (
				42936E3D2192EB200076F47A /* DWBubbleMenuButton.m */,
				42936E3E2192EB200076F47A /* DWBubbleMenuButton.h */,
			);
			path = DWBubbleMenuButton;
			sourceTree = "<group>";
		};
		42936E3F2192EB200076F47A /* DCPathButton */ = {
			isa = PBXGroup;
			children = (
				42936E442192EB200076F47A /* DCPathButton.h */,
				42936E412192EB200076F47A /* DCPathButton.m */,
				42936E422192EB200076F47A /* DCPathCenterButton.h */,
				42936E402192EB200076F47A /* DCPathItemButton.h */,
				42936E432192EB200076F47A /* DCPathItemButton.m */,
				42936E452192EB200076F47A /* DCPathCenterButton.m */,
			);
			path = DCPathButton;
			sourceTree = "<group>";
		};
		42936E462192EB210076F47A /* MCFireworksButton */ = {
			isa = PBXGroup;
			children = (
				42936E472192EB210076F47A /* MCFireworksButton.m */,
				42936E482192EB210076F47A /* MCFireworksView.m */,
				42936E492192EB210076F47A /* MCFireworksButton.h */,
				42936E4A2192EB210076F47A /* MCFireworksView.h */,
			);
			path = MCFireworksButton;
			sourceTree = "<group>";
		};
		42936E512192EEA00076F47A /* Sounds */ = {
			isa = PBXGroup;
			children = (
				42936E522192EEA00076F47A /* selected.caf */,
				42936E532192EEA00076F47A /* fold.caf */,
				42936E542192EEA00076F47A /* bloom.caf */,
			);
			path = Sounds;
			sourceTree = "<group>";
		};
		42B93BF02191871F00CBB02D /* #1_UIViewAnimation */ = {
			isa = PBXGroup;
			children = (
				42B93BF12191874A00CBB02D /* UIViewAnimationVC.h */,
				42B93BF22191874A00CBB02D /* UIViewAnimationVC.m */,
				42B93BF32191874A00CBB02D /* UIViewAnimationVC.xib */,
			);
			name = "#1_UIViewAnimation";
			sourceTree = "<group>";
		};
		42B93BF62191875500CBB02D /* #2_CALayerAnimation */ = {
			isa = PBXGroup;
			children = (
				42B93BF72191877800CBB02D /* CALayerAnimationVC.h */,
				42B93BF82191877800CBB02D /* CALayerAnimationVC.m */,
				42B93BF92191877800CBB02D /* CALayerAnimationVC.xib */,
				42936E112192DA740076F47A /* 0，Source */,
				42936E0B2192D96B0076F47A /* 1，HiddenAnimate */,
				42936E102192D9A40076F47A /* 2，BaseAnimate */,
				42936E0F2192D99F0076F47A /* 3，KeyFrameAnimate */,
				42936E0E2192D98D0076F47A /* 4，GroupAnimate */,
				42936E0D2192D9890076F47A /* 5，TransitionAnimate */,
				42936E0C2192D9820076F47A /* 6，ExampleAnimate */,
			);
			name = "#2_CALayerAnimation";
			sourceTree = "<group>";
		};
		42B93BFC21918E9300CBB02D /* #3_ThirdPartAnimation */ = {
			isa = PBXGroup;
			children = (
				42B93BFD21918EF000CBB02D /* ThirdPartAnimationVC.h */,
				42B93BFE21918EF000CBB02D /* ThirdPartAnimationVC.m */,
				42B93BFF21918EF000CBB02D /* ThirdPartAnimationVC.xib */,
			);
			name = "#3_ThirdPartAnimation";
			sourceTree = "<group>";
		};
		42D6350621912E890063E763 /* 1_LayerBase */ = {
			isa = PBXGroup;
			children = (
				68881A281EF0FC1200229107 /* LayerBaseVC.h */,
				68881A291EF0FC1200229107 /* LayerBaseVC.m */,
				42936D98219283AA0076F47A /* LayerBaseVC.xib */,
				42C52C25218841A5001D7A07 /* DemoView.h */,
				42C52C26218841A5001D7A07 /* DemoView.m */,
				42C52C29218841BC001D7A07 /* DemoLayer.m */,
				42C52C28218841BC001D7A07 /* DemoLayer.h */,
			);
			name = 1_LayerBase;
			sourceTree = "<group>";
		};
		42D6350721912EA10063E763 /* 2_LayerClassify */ = {
			isa = PBXGroup;
			children = (
				42D6351121912EEF0063E763 /* ClassListViewController.storyboard */,
				42D6350C21912ED00063E763 /* ClassListViewController.h */,
				42D6350D21912ED00063E763 /* ClassListViewController.m */,
				42D6351321916AEE0063E763 /* 1,CALayer */,
				42D6351D21916C430063E763 /* 2,CAScrollLayer */,
				42D6351C21916C3D0063E763 /* 3,CATextLayer */,
				42D6351B21916C390063E763 /* 4,AVPlayerLayer */,
				42D6351A21916C350063E763 /* 5,CAGradientLayer */,
				42D6351921916C130063E763 /* 6,CAReplicatorLayer */,
				42D6351821916C0E0063E763 /* 7,CATiledLayer */,
				42D6351721916C0A0063E763 /* 8,CAShapeLayer */,
				42D6351621916C060063E763 /* 9,CAEAGLLayer */,
				42D6351521916C020063E763 /* 10,CATransformLayer */,
				42D6351421916BF90063E763 /* 11,CAEmitterLayer */,
			);
			name = 2_LayerClassify;
			sourceTree = "<group>";
		};
		42D6351321916AEE0063E763 /* 1,CALayer */ = {
			isa = PBXGroup;
			children = (
				42D6350B21912ED00063E763 /* CALayerViewController.h */,
				42D6350A21912ED00063E763 /* CALayerViewController.m */,
				42D6350921912ED00063E763 /* CALayerControlsViewController.h */,
				42D6350821912ECF0063E763 /* CALayerControlsViewController.m */,
			);
			name = "1,CALayer";
			sourceTree = "<group>";
		};
		42D6351421916BF90063E763 /* 11,CAEmitterLayer */ = {
			isa = PBXGroup;
			children = (
				42D63539219171450063E763 /* CAEmitterLayerVC.h */,
				42D6353A219171450063E763 /* CAEmitterLayerVC.m */,
			);
			name = "11,CAEmitterLayer";
			sourceTree = "<group>";
		};
		42D6351521916C020063E763 /* 10,CATransformLayer */ = {
			isa = PBXGroup;
			children = (
				42D63536219171350063E763 /* CATransformLayerVC.h */,
				42D63537219171350063E763 /* CATransformLayerVC.m */,
			);
			name = "10,CATransformLayer";
			sourceTree = "<group>";
		};
		42D6351621916C060063E763 /* 9,CAEAGLLayer */ = {
			isa = PBXGroup;
			children = (
				42D63548219177690063E763 /* GLKit.framework */,
				42D63549219177690063E763 /* OpenGLES.framework */,
				42D63533219171200063E763 /* CAEAGLLayerVC.h */,
				42D63534219171200063E763 /* CAEAGLLayerVC.m */,
			);
			name = "9,CAEAGLLayer";
			sourceTree = "<group>";
		};
		42D6351721916C0A0063E763 /* 8,CAShapeLayer */ = {
			isa = PBXGroup;
			children = (
				42D635302191710F0063E763 /* CAShapeLayerVC.h */,
				42D635312191710F0063E763 /* CAShapeLayerVC.m */,
				42D63546219177160063E763 /* PDView.h */,
				42D63545219177160063E763 /* PDView.m */,
			);
			name = "8,CAShapeLayer";
			sourceTree = "<group>";
		};
		42D6351821916C0E0063E763 /* 7,CATiledLayer */ = {
			isa = PBXGroup;
			children = (
				42D6352D219170F70063E763 /* CATiledLayerVC.h */,
				42D6352E219170F70063E763 /* CATiledLayerVC.m */,
			);
			name = "7,CATiledLayer";
			sourceTree = "<group>";
		};
		42D6351921916C130063E763 /* 6,CAReplicatorLayer */ = {
			isa = PBXGroup;
			children = (
				42D6352A219170E60063E763 /* CAReplicatorLayerVC.h */,
				42D6352B219170E60063E763 /* CAReplicatorLayerVC.m */,
				42D63542219176630063E763 /* ReflectionView.h */,
				42D63543219176630063E763 /* ReflectionView.m */,
			);
			name = "6,CAReplicatorLayer";
			sourceTree = "<group>";
		};
		42D6351A21916C350063E763 /* 5,CAGradientLayer */ = {
			isa = PBXGroup;
			children = (
				42D63527219170CC0063E763 /* CAGradientLayerVC.h */,
				42D63528219170CC0063E763 /* CAGradientLayerVC.m */,
			);
			name = "5,CAGradientLayer";
			sourceTree = "<group>";
		};
		42D6351B21916C390063E763 /* 4,AVPlayerLayer */ = {
			isa = PBXGroup;
			children = (
				42D63524219170B70063E763 /* AVPlayerLayerVC.h */,
				42D63525219170B70063E763 /* AVPlayerLayerVC.m */,
			);
			name = "4,AVPlayerLayer";
			sourceTree = "<group>";
		};
		42D6351C21916C3D0063E763 /* 3,CATextLayer */ = {
			isa = PBXGroup;
			children = (
				42D63521219170A00063E763 /* CATextLayerVC.h */,
				42D63522219170A00063E763 /* CATextLayerVC.m */,
				42D6353C219175880063E763 /* PDLayerLabel.h */,
				42D6353D219175880063E763 /* PDLayerLabel.m */,
			);
			name = "3,CATextLayer";
			sourceTree = "<group>";
		};
		42D6351D21916C430063E763 /* 2,CAScrollLayer */ = {
			isa = PBXGroup;
			children = (
				42D6351E219170890063E763 /* CAScrollLayerVC.h */,
				42D6351F219170890063E763 /* CAScrollLayerVC.m */,
				42D63540219175CB0063E763 /* PDScrollView.h */,
				42D6353F219175CB0063E763 /* PDScrollView.m */,
			);
			name = "2,CAScrollLayer";
			sourceTree = "<group>";
		};
		42D6354A21917A890063E763 /* 3_AnimateSummary */ = {
			isa = PBXGroup;
			children = (
				42D6354B21917AC10063E763 /* AnimateSummaryVC.h */,
				42D6354C21917AC10063E763 /* AnimateSummaryVC.m */,
				42D6354D21917AC10063E763 /* AnimateSummaryVC.xib */,
				42B93BF02191871F00CBB02D /* #1_UIViewAnimation */,
				42B93BF62191875500CBB02D /* #2_CALayerAnimation */,
				42B93BFC21918E9300CBB02D /* #3_ThirdPartAnimation */,
				42936DA0219289700076F47A /* #4_RefreshAnimation */,
			);
			name = 3_AnimateSummary;
			sourceTree = "<group>";
		};
		42F771F42193B9E400FFD237 /* BALoadingView */ = {
			isa = PBXGroup;
			children = (
				42F771F52193B9E400FFD237 /* BALoadingView.h */,
				42F771F92193B9E400FFD237 /* BALoadingView.m */,
				42F771F82193B9E400FFD237 /* BAActivityIndicatorView.h */,
				42F771F62193B9E400FFD237 /* BAActivityIndicatorView.m */,
				42F771FA2193B9E400FFD237 /* BALoadingWaveView.h */,
				42F771F72193B9E400FFD237 /* BALoadingWaveView.m */,
			);
			path = BALoadingView;
			sourceTree = "<group>";
		};
		42F771FE2193BA5F00FFD237 /* BAUIViewAnimation */ = {
			isa = PBXGroup;
			children = (
				42F771FF2193BA5F00FFD237 /* UIView+BAAnimation.h */,
				42F772002193BA5F00FFD237 /* UIView+BAAnimation.m */,
			);
			path = BAUIViewAnimation;
			sourceTree = "<group>";
		};
		42F772022193BA6600FFD237 /* BATransition */ = {
			isa = PBXGroup;
			children = (
				42F772032193BA6600FFD237 /* UIView+BATransition.m */,
				42F772042193BA6600FFD237 /* UIView+BATransition.h */,
			);
			path = BATransition;
			sourceTree = "<group>";
		};
		4D0F13CB6EDC515D00257120 /* Frameworks */ = {
			isa = PBXGroup;
			children = (
				DB6F2A82BE7518D63196A9DB /* libPods-WHLatticeDemo.a */,
			);
			name = Frameworks;
			sourceTree = "<group>";
		};
		68881A161EF0FC1200229107 = {
			isa = PBXGroup;
			children = (
				68881A211EF0FC1200229107 /* WHLatticeDemo */,
				68881A201EF0FC1200229107 /* Products */,
				27709B24923224CDF4F2BDC1 /* Pods */,
				4D0F13CB6EDC515D00257120 /* Frameworks */,
			);
			sourceTree = "<group>";
		};
		68881A201EF0FC1200229107 /* Products */ = {
			isa = PBXGroup;
			children = (
				68881A1F1EF0FC1200229107 /* WHLatticeDemo.app */,
			);
			name = Products;
			sourceTree = "<group>";
		};
		68881A211EF0FC1200229107 /* WHLatticeDemo */ = {
			isa = PBXGroup;
			children = (
				42D63501219128FE0063E763 /* LayerAndAnimateVC.h */,
				42D63502219128FE0063E763 /* LayerAndAnimateVC.m */,
				42D6350421912BF30063E763 /* LayerAndAnimateVC.xib */,
				42D6350621912E890063E763 /* 1_LayerBase */,
				42D6350721912EA10063E763 /* 2_LayerClassify */,
				42D6354A21917A890063E763 /* 3_AnimateSummary */,
				42936D9A219287550076F47A /* 4_DrawSummary */,
				4210993521ED6B5D0097102C /* 5_布局summary */,
				4201D5CB221FE3E90069080D /* 6_图形部分总结 */,
				42936E192192E0F60076F47A /* Others */,
			);
			path = WHLatticeDemo;
			sourceTree = "<group>";
		};
/* End PBXGroup section */

/* Begin PBXNativeTarget section */
		68881A1E1EF0FC1200229107 /* WHLatticeDemo */ = {
			isa = PBXNativeTarget;
			buildConfigurationList = 68881A361EF0FC1200229107 /* Build configuration list for PBXNativeTarget "WHLatticeDemo" */;
			buildPhases = (
				5BC630ABB6B1493F6D391CC2 /* [CP] Check Pods Manifest.lock */,
				68881A1B1EF0FC1200229107 /* Sources */,
				68881A1C1EF0FC1200229107 /* Frameworks */,
				68881A1D1EF0FC1200229107 /* Resources */,
				8554328ACF9B462B0957E673 /* [CP] Copy Pods Resources */,
			);
			buildRules = (
			);
			dependencies = (
			);
			name = WHLatticeDemo;
			productName = WHLatticeDemo;
			productReference = 68881A1F1EF0FC1200229107 /* WHLatticeDemo.app */;
			productType = "com.apple.product-type.application";
		};
/* End PBXNativeTarget section */

/* Begin PBXProject section */
		68881A171EF0FC1200229107 /* Project object */ = {
			isa = PBXProject;
			attributes = {
				LastUpgradeCheck = 1010;
				ORGANIZATIONNAME = remember17;
				TargetAttributes = {
					68881A1E1EF0FC1200229107 = {
						CreatedOnToolsVersion = 8.3.2;
						DevelopmentTeam = MQBF47L68X;
						ProvisioningStyle = Automatic;
					};
				};
			};
			buildConfigurationList = 68881A1A1EF0FC1200229107 /* Build configuration list for PBXProject "WHLatticeDemo" */;
			compatibilityVersion = "Xcode 3.2";
			developmentRegion = English;
			hasScannedForEncodings = 0;
			knownRegions = (
				en,
				Base,
			);
			mainGroup = 68881A161EF0FC1200229107;
			productRefGroup = 68881A201EF0FC1200229107 /* Products */;
			projectDirPath = "";
			projectRoot = "";
			targets = (
				68881A1E1EF0FC1200229107 /* WHLatticeDemo */,
			);
		};
/* End PBXProject section */

/* Begin PBXResourcesBuildPhase section */
		68881A1D1EF0FC1200229107 /* Resources */ = {
			isa = PBXResourcesBuildPhase;
			buildActionMask = 2147483647;
			files = (
				42936DF321928A420076F47A /* frontpage_refresh_release@2x.gif in Resources */,
				42936DEB21928A420076F47A /* feizhu_pull_refresh.gif in Resources */,
				42936E572192EEA00076F47A /* bloom.caf in Resources */,
				42936E0A21928B150076F47A /* lnrefresh.json in Resources */,
				42B93BFB2191877900CBB02D /* CALayerAnimationVC.xib in Resources */,
				42B93C0121918EF000CBB02D /* ThirdPartAnimationVC.xib in Resources */,
				42D6351221912EEF0063E763 /* ClassListViewController.storyboard in Resources */,
				42936D9F219288640076F47A /* DrawSummaryVC.xib in Resources */,
				42936E252192E0F60076F47A /* LaunchScreen.storyboard in Resources */,
				42B93BF52191874A00CBB02D /* UIViewAnimationVC.xib in Resources */,
				42936D99219283AA0076F47A /* LayerBaseVC.xib in Resources */,
				42936E0921928B150076F47A /* refresh_arrow.png in Resources */,
				42936DF621928A420076F47A /* frontpage_refresh@2x.gif in Resources */,
				42936DF521928A420076F47A /* frontpage_refresh@3x.gif in Resources */,
				42936E562192EEA00076F47A /* fold.caf in Resources */,
				42D6354F21917AC10063E763 /* AnimateSummaryVC.xib in Resources */,
				42D6350521912BF30063E763 /* LayerAndAnimateVC.xib in Resources */,
				4210994221ED8F580097102C /* AutoLayoutVC.xib in Resources */,
				42936E552192EEA00076F47A /* selected.caf in Resources */,
				42F7720F2193BE3D00FFD237 /* BACAKeyframeAnimationDemo.xib in Resources */,
				42936E262192E0F60076F47A /* Main.storyboard in Resources */,
				4201D5D3221FE9080069080D /* ImageSummaryVC.xib in Resources */,
				42936E242192E0F60076F47A /* Assets.xcassets in Resources */,
				42F7720A2193BA9E00FFD237 /* BATransitionDemo.xib in Resources */,
				42936DF421928A420076F47A /* frontpage_refresh_release@3x.gif in Resources */,
			);
			runOnlyForDeploymentPostprocessing = 0;
		};
/* End PBXResourcesBuildPhase section */

/* Begin PBXShellScriptBuildPhase section */
		5BC630ABB6B1493F6D391CC2 /* [CP] Check Pods Manifest.lock */ = {
			isa = PBXShellScriptBuildPhase;
			buildActionMask = 2147483647;
			files = (
			);
			inputPaths = (
				"${PODS_PODFILE_DIR_PATH}/Podfile.lock",
				"${PODS_ROOT}/Manifest.lock",
			);
			name = "[CP] Check Pods Manifest.lock";
			outputPaths = (
				"$(DERIVED_FILE_DIR)/Pods-WHLatticeDemo-checkManifestLockResult.txt",
			);
			runOnlyForDeploymentPostprocessing = 0;
			shellPath = /bin/sh;
			shellScript = "diff \"${PODS_PODFILE_DIR_PATH}/Podfile.lock\" \"${PODS_ROOT}/Manifest.lock\" > /dev/null\nif [ $? != 0 ] ; then\n    # print error to STDERR\n    echo \"error: The sandbox is not in sync with the Podfile.lock. Run 'pod install' or update your CocoaPods installation.\" >&2\n    exit 1\nfi\n# This output is used by Xcode 'outputs' to avoid re-running this script phase.\necho \"SUCCESS\" > \"${SCRIPT_OUTPUT_FILE_0}\"\n";
			showEnvVarsInLog = 0;
		};
		8554328ACF9B462B0957E673 /* [CP] Copy Pods Resources */ = {
			isa = PBXShellScriptBuildPhase;
			buildActionMask = 2147483647;
			files = (
			);
			inputPaths = (
				"${SRCROOT}/Pods/Target Support Files/Pods-WHLatticeDemo/Pods-WHLatticeDemo-resources.sh",
				"${PODS_CONFIGURATION_BUILD_DIR}/FlexLib/FlexLib.bundle",
			);
			name = "[CP] Copy Pods Resources";
			outputPaths = (
				"${TARGET_BUILD_DIR}/${UNLOCALIZED_RESOURCES_FOLDER_PATH}/FlexLib.bundle",
			);
			runOnlyForDeploymentPostprocessing = 0;
			shellPath = /bin/sh;
			shellScript = "\"${SRCROOT}/Pods/Target Support Files/Pods-WHLatticeDemo/Pods-WHLatticeDemo-resources.sh\"\n";
			showEnvVarsInLog = 0;
		};
/* End PBXShellScriptBuildPhase section */

/* Begin PBXSourcesBuildPhase section */
		68881A1B1EF0FC1200229107 /* Sources */ = {
			isa = PBXSourcesBuildPhase;
			buildActionMask = 2147483647;
			files = (
				42936DEE21928A420076F47A /* YLoadingPanel.m in Sources */,
				42936E0121928A420076F47A /* LNFooterAnimator.m in Sources */,
				42C52C2A218841BC001D7A07 /* DemoLayer.m in Sources */,
				42936DF221928A420076F47A /* LNHeaderTmallAnimator.m in Sources */,
				42D63547219177160063E763 /* PDView.m in Sources */,
				42D63541219175CB0063E763 /* PDScrollView.m in Sources */,
				42936E0521928A420076F47A /* DemoVC.m in Sources */,
				42936DF121928A420076F47A /* LNHeaderKaolaAnimator.m in Sources */,
				42936E322192EAAF0076F47A /* KeyFrameAnimationController.m in Sources */,
				42936D9E219288640076F47A /* DrawSummaryVC.m in Sources */,
				42936DFA21928A420076F47A /* LNHeaderToutiaoAnimator.m in Sources */,
				42D63523219170A00063E763 /* CATextLayerVC.m in Sources */,
				42936DFF21928A420076F47A /* LNRefreshComponent.m in Sources */,
				42936E0321928A420076F47A /* LNHeaderAnimator.m in Sources */,
				42936DEF21928A420076F47A /* LNHeaderDIYAnimator.m in Sources */,
				42D6353E219175880063E763 /* PDLayerLabel.m in Sources */,
				42F772012193BA5F00FFD237 /* UIView+BAAnimation.m in Sources */,
				42D6350E21912ED00063E763 /* CALayerControlsViewController.m in Sources */,
				42936E272192E0F60076F47A /* main.m in Sources */,
				42936DFD21928A420076F47A /* LNRefreshFooter.m in Sources */,
				42936E0621928A420076F47A /* RefreshAnimateVC.m in Sources */,
				42D63529219170CC0063E763 /* CAGradientLayerVC.m in Sources */,
				4210994A21EDBB0E0097102C /* TestCell.m in Sources */,
				42936E172192DAB70076F47A /* BaseAnimateVC.m in Sources */,
				42B93BFA2191877800CBB02D /* CALayerAnimationVC.m in Sources */,
				42936E0221928A420076F47A /* NSObject+LNRefresh.m in Sources */,
				42D6351021912ED00063E763 /* ClassListViewController.m in Sources */,
				42936DEC21928A420076F47A /* LNHeaderTaobaoAnimator.m in Sources */,
				42936DF721928A420076F47A /* UIImage+animatedGIF.m in Sources */,
				42936E382192EAC60076F47A /* TransitionAnimationController.m in Sources */,
				42D6352F219170F70063E763 /* CATiledLayerVC.m in Sources */,
				42F7720E2193BE3D00FFD237 /* BACAKeyframeAnimationDemo.m in Sources */,
				42D63535219171200063E763 /* CAEAGLLayerVC.m in Sources */,
				4210994121ED8F580097102C /* AutoLayoutVC.m in Sources */,
				42936E4D2192EB210076F47A /* DCPathItemButton.m in Sources */,
				42D635322191710F0063E763 /* CAShapeLayerVC.m in Sources */,
				42F772092193BA9E00FFD237 /* BATransitionDemo.m in Sources */,
				42936DF021928A420076F47A /* LNHeaderJDAnimator.m in Sources */,
				42D6350F21912ED00063E763 /* CALayerViewController.m in Sources */,
				68881A2A1EF0FC1200229107 /* LayerBaseVC.m in Sources */,
				42D63503219128FE0063E763 /* LayerAndAnimateVC.m in Sources */,
				42936DF821928A420076F47A /* LNHeaderMeituanAnimator.m in Sources */,
				42D63544219176630063E763 /* ReflectionView.m in Sources */,
				42936E2F2192E88B0076F47A /* BaseAnimationController.m in Sources */,
				42936E352192EABE0076F47A /* GroupAnimationController.m in Sources */,
				42936DE921928A420076F47A /* LNHeaderAnimator+Analysis.m in Sources */,
				42D6353B219171450063E763 /* CAEmitterLayerVC.m in Sources */,
				4210994521EDB9CA0097102C /* ArrayDataSource.m in Sources */,
				42C52C27218841A5001D7A07 /* DemoView.m in Sources */,
				42D63520219170890063E763 /* CAScrollLayerVC.m in Sources */,
				42F771FB2193B9E400FFD237 /* BAActivityIndicatorView.m in Sources */,
				42936E142192DA9D0076F47A /* TitleButton.m in Sources */,
				4201D5CE221FE6480069080D /* UIImage+CornerRadius.m in Sources */,
				42936E3B2192EAE30076F47A /* ComprehensiveCaseController.m in Sources */,
				42F772052193BA6600FFD237 /* UIView+BATransition.m in Sources */,
				42D63538219171350063E763 /* CATransformLayerVC.m in Sources */,
				42936DEA21928A420076F47A /* LNHeaderFeizhuAnimator.m in Sources */,
				42936DFC21928A420076F47A /* LNRefreshAnimator.m in Sources */,
				42F771FD2193B9E400FFD237 /* BALoadingView.m in Sources */,
				42936DED21928A420076F47A /* LNHeaderNetEaseNewsAnimator.m in Sources */,
				42936E282192E0F60076F47A /* AppDelegate.m in Sources */,
				42D6354E21917AC10063E763 /* AnimateSummaryVC.m in Sources */,
				42936E4E2192EB210076F47A /* DCPathCenterButton.m in Sources */,
				42B93C0021918EF000CBB02D /* ThirdPartAnimationVC.m in Sources */,
				42936E4F2192EB210076F47A /* MCFireworksButton.m in Sources */,
				42D6352C219170E60063E763 /* CAReplicatorLayerVC.m in Sources */,
				42F771FC2193B9E400FFD237 /* BALoadingWaveView.m in Sources */,
				42936DFE21928A420076F47A /* LNRefreshConst.m in Sources */,
				4210994B21EDBB0E0097102C /* TestModel.m in Sources */,
				42936DF921928A420076F47A /* LNHeaderELEAnimator.m in Sources */,
				42936E4C2192EB210076F47A /* DCPathButton.m in Sources */,
				4201D5D2221FE9080069080D /* ImageSummaryVC.m in Sources */,
				42936E4B2192EB210076F47A /* DWBubbleMenuButton.m in Sources */,
				42936E502192EB210076F47A /* MCFireworksView.m in Sources */,
				42B93BF42191874A00CBB02D /* UIViewAnimationVC.m in Sources */,
				42D63526219170B70063E763 /* AVPlayerLayerVC.m in Sources */,
				42936E0021928A420076F47A /* LNRefreshHandler.m in Sources */,
				42936DFB21928A420076F47A /* LNRefreshHeader.m in Sources */,
			);
			runOnlyForDeploymentPostprocessing = 0;
		};
/* End PBXSourcesBuildPhase section */

/* Begin PBXVariantGroup section */
		42936E1C2192E0F60076F47A /* LaunchScreen.storyboard */ = {
			isa = PBXVariantGroup;
			children = (
				42936E1D2192E0F60076F47A /* Base */,
			);
			name = LaunchScreen.storyboard;
			sourceTree = "<group>";
		};
		42936E1E2192E0F60076F47A /* Main.storyboard */ = {
			isa = PBXVariantGroup;
			children = (
				42936E1F2192E0F60076F47A /* Base */,
			);
			name = Main.storyboard;
			sourceTree = "<group>";
		};
/* End PBXVariantGroup section */

/* Begin XCBuildConfiguration section */
		68881A341EF0FC1200229107 /* Debug */ = {
			isa = XCBuildConfiguration;
			buildSettings = {
				ALWAYS_SEARCH_USER_PATHS = NO;
				CLANG_ANALYZER_NONNULL = YES;
				CLANG_ANALYZER_NUMBER_OBJECT_CONVERSION = YES_AGGRESSIVE;
				CLANG_CXX_LANGUAGE_STANDARD = "gnu++0x";
				CLANG_CXX_LIBRARY = "libc++";
				CLANG_ENABLE_MODULES = YES;
				CLANG_ENABLE_OBJC_ARC = YES;
				CLANG_WARN_BLOCK_CAPTURE_AUTORELEASING = YES;
				CLANG_WARN_BOOL_CONVERSION = YES;
				CLANG_WARN_COMMA = YES;
				CLANG_WARN_CONSTANT_CONVERSION = YES;
				CLANG_WARN_DEPRECATED_OBJC_IMPLEMENTATIONS = YES;
				CLANG_WARN_DIRECT_OBJC_ISA_USAGE = YES_ERROR;
				CLANG_WARN_DOCUMENTATION_COMMENTS = YES;
				CLANG_WARN_EMPTY_BODY = YES;
				CLANG_WARN_ENUM_CONVERSION = YES;
				CLANG_WARN_INFINITE_RECURSION = YES;
				CLANG_WARN_INT_CONVERSION = YES;
				CLANG_WARN_NON_LITERAL_NULL_CONVERSION = YES;
				CLANG_WARN_OBJC_IMPLICIT_RETAIN_SELF = YES;
				CLANG_WARN_OBJC_LITERAL_CONVERSION = YES;
				CLANG_WARN_OBJC_ROOT_CLASS = YES_ERROR;
				CLANG_WARN_RANGE_LOOP_ANALYSIS = YES;
				CLANG_WARN_STRICT_PROTOTYPES = YES;
				CLANG_WARN_SUSPICIOUS_MOVE = YES;
				CLANG_WARN_UNREACHABLE_CODE = YES;
				CLANG_WARN__DUPLICATE_METHOD_MATCH = YES;
				"CODE_SIGN_IDENTITY[sdk=iphoneos*]" = "iPhone Developer";
				COPY_PHASE_STRIP = NO;
				DEBUG_INFORMATION_FORMAT = dwarf;
				ENABLE_STRICT_OBJC_MSGSEND = YES;
				ENABLE_TESTABILITY = YES;
				GCC_C_LANGUAGE_STANDARD = gnu99;
				GCC_DYNAMIC_NO_PIC = NO;
				GCC_NO_COMMON_BLOCKS = YES;
				GCC_OPTIMIZATION_LEVEL = 0;
				GCC_PRECOMPILE_PREFIX_HEADER = YES;
				GCC_PREFIX_HEADER = "$(SRCROOT)/WHLatticeDemo/PrefixHeader.pch";
				GCC_PREPROCESSOR_DEFINITIONS = (
					"DEBUG=1",
					"$(inherited)",
				);
				GCC_WARN_64_TO_32_BIT_CONVERSION = YES;
				GCC_WARN_ABOUT_RETURN_TYPE = YES_ERROR;
				GCC_WARN_UNDECLARED_SELECTOR = YES;
				GCC_WARN_UNINITIALIZED_AUTOS = YES_AGGRESSIVE;
				GCC_WARN_UNUSED_FUNCTION = YES;
				GCC_WARN_UNUSED_VARIABLE = YES;
				IPHONEOS_DEPLOYMENT_TARGET = 10.3;
				MTL_ENABLE_DEBUG_INFO = YES;
				ONLY_ACTIVE_ARCH = YES;
				SDKROOT = iphoneos;
				TARGETED_DEVICE_FAMILY = "1,2";
			};
			name = Debug;
		};
		68881A351EF0FC1200229107 /* Release */ = {
			isa = XCBuildConfiguration;
			buildSettings = {
				ALWAYS_SEARCH_USER_PATHS = NO;
				CLANG_ANALYZER_NONNULL = YES;
				CLANG_ANALYZER_NUMBER_OBJECT_CONVERSION = YES_AGGRESSIVE;
				CLANG_CXX_LANGUAGE_STANDARD = "gnu++0x";
				CLANG_CXX_LIBRARY = "libc++";
				CLANG_ENABLE_MODULES = YES;
				CLANG_ENABLE_OBJC_ARC = YES;
				CLANG_WARN_BLOCK_CAPTURE_AUTORELEASING = YES;
				CLANG_WARN_BOOL_CONVERSION = YES;
				CLANG_WARN_COMMA = YES;
				CLANG_WARN_CONSTANT_CONVERSION = YES;
				CLANG_WARN_DEPRECATED_OBJC_IMPLEMENTATIONS = YES;
				CLANG_WARN_DIRECT_OBJC_ISA_USAGE = YES_ERROR;
				CLANG_WARN_DOCUMENTATION_COMMENTS = YES;
				CLANG_WARN_EMPTY_BODY = YES;
				CLANG_WARN_ENUM_CONVERSION = YES;
				CLANG_WARN_INFINITE_RECURSION = YES;
				CLANG_WARN_INT_CONVERSION = YES;
				CLANG_WARN_NON_LITERAL_NULL_CONVERSION = YES;
				CLANG_WARN_OBJC_IMPLICIT_RETAIN_SELF = YES;
				CLANG_WARN_OBJC_LITERAL_CONVERSION = YES;
				CLANG_WARN_OBJC_ROOT_CLASS = YES_ERROR;
				CLANG_WARN_RANGE_LOOP_ANALYSIS = YES;
				CLANG_WARN_STRICT_PROTOTYPES = YES;
				CLANG_WARN_SUSPICIOUS_MOVE = YES;
				CLANG_WARN_UNREACHABLE_CODE = YES;
				CLANG_WARN__DUPLICATE_METHOD_MATCH = YES;
				"CODE_SIGN_IDENTITY[sdk=iphoneos*]" = "iPhone Developer";
				COPY_PHASE_STRIP = NO;
				DEBUG_INFORMATION_FORMAT = "dwarf-with-dsym";
				ENABLE_NS_ASSERTIONS = NO;
				ENABLE_STRICT_OBJC_MSGSEND = YES;
				GCC_C_LANGUAGE_STANDARD = gnu99;
				GCC_NO_COMMON_BLOCKS = YES;
				GCC_PRECOMPILE_PREFIX_HEADER = YES;
				GCC_PREFIX_HEADER = "$(SRCROOT)/WHLatticeDemo/PrefixHeader.pch";
				GCC_WARN_64_TO_32_BIT_CONVERSION = YES;
				GCC_WARN_ABOUT_RETURN_TYPE = YES_ERROR;
				GCC_WARN_UNDECLARED_SELECTOR = YES;
				GCC_WARN_UNINITIALIZED_AUTOS = YES_AGGRESSIVE;
				GCC_WARN_UNUSED_FUNCTION = YES;
				GCC_WARN_UNUSED_VARIABLE = YES;
				IPHONEOS_DEPLOYMENT_TARGET = 10.3;
				MTL_ENABLE_DEBUG_INFO = NO;
				SDKROOT = iphoneos;
				TARGETED_DEVICE_FAMILY = "1,2";
				VALIDATE_PRODUCT = YES;
			};
			name = Release;
		};
		68881A371EF0FC1200229107 /* Debug */ = {
			isa = XCBuildConfiguration;
			baseConfigurationReference = 4578D8D57C20BD33FAAE9CD5 /* Pods-WHLatticeDemo.debug.xcconfig */;
			buildSettings = {
				ASSETCATALOG_COMPILER_APPICON_NAME = AppIcon;
				DEVELOPMENT_TEAM = MQBF47L68X;
				GCC_PREFIX_HEADER = WHLatticeDemo/Others/PrefixHeader.pch;
				INFOPLIST_FILE = "$(SRCROOT)/WHLatticeDemo/Others/Info.plist";
				LD_RUNPATH_SEARCH_PATHS = "$(inherited) @executable_path/Frameworks";
				PRODUCT_BUNDLE_IDENTIFIER = com.remember17.WHLatticeDemo;
				PRODUCT_NAME = "$(TARGET_NAME)";
				TARGETED_DEVICE_FAMILY = 1;
			};
			name = Debug;
		};
		68881A381EF0FC1200229107 /* Release */ = {
			isa = XCBuildConfiguration;
			baseConfigurationReference = 5E92FB8E9C291B5BCFB3855C /* Pods-WHLatticeDemo.release.xcconfig */;
			buildSettings = {
				ASSETCATALOG_COMPILER_APPICON_NAME = AppIcon;
				DEVELOPMENT_TEAM = MQBF47L68X;
				GCC_PREFIX_HEADER = WHLatticeDemo/Others/PrefixHeader.pch;
				INFOPLIST_FILE = "$(SRCROOT)/WHLatticeDemo/Others/Info.plist";
				LD_RUNPATH_SEARCH_PATHS = "$(inherited) @executable_path/Frameworks";
				PRODUCT_BUNDLE_IDENTIFIER = com.remember17.WHLatticeDemo;
				PRODUCT_NAME = "$(TARGET_NAME)";
				TARGETED_DEVICE_FAMILY = 1;
			};
			name = Release;
		};
/* End XCBuildConfiguration section */

/* Begin XCConfigurationList section */
		68881A1A1EF0FC1200229107 /* Build configuration list for PBXProject "WHLatticeDemo" */ = {
			isa = XCConfigurationList;
			buildConfigurations = (
				68881A341EF0FC1200229107 /* Debug */,
				68881A351EF0FC1200229107 /* Release */,
			);
			defaultConfigurationIsVisible = 0;
			defaultConfigurationName = Release;
		};
		68881A361EF0FC1200229107 /* Build configuration list for PBXNativeTarget "WHLatticeDemo" */ = {
			isa = XCConfigurationList;
			buildConfigurations = (
				68881A371EF0FC1200229107 /* Debug */,
				68881A381EF0FC1200229107 /* Release */,
			);
			defaultConfigurationIsVisible = 0;
			defaultConfigurationName = Release;
		};
/* End XCConfigurationList section */
	};
	rootObject = 68881A171EF0FC1200229107 /* Project object */;
}
